
Microsoft Visual Studio Solution File, Format Version 11.00
# Visual Studio 2010
Project("{2150E333-8FDC-42A3-9474-1A3956D46DE8}") = ".nuget", ".nuget", "{EAC958D9-3820-4A62-9076-B7825B4B5646}"
	ProjectSection(SolutionItems) = preProject
		.nuget\NuGet.Config = .nuget\NuGet.Config
		.nuget\nuget.exe = .nuget\nuget.exe
		.nuget\NuGet.targets = .nuget\NuGet.targets
	EndProjectSection
EndProject
Project("{FAE04EC0-301F-11D3-BF4B-00C04F79EFBC}") = "Scaffeine", "Scaffeine\Scaffeine.csproj", "{4394DDA4-EEDB-4300-AD96-F297AC02B231}"
EndProject
Project("{FAE04EC0-301F-11D3-BF4B-00C04F79EFBC}") = "Scaffeine.CRM", "Scaffeine.CRM\Scaffeine.CRM.csproj", "{F352B19A-8CA0-4DEB-9C3B-AA2AD0EC464D}"
EndProject
Project("{FAE04EC0-301F-11D3-BF4B-00C04F79EFBC}") = "Scaffeine.Shipping", "Scaffeine.Shipping\Scaffeine.Shipping.csproj", "{C98282C7-0C16-4D70-AAEE-BFD62B816199}"
EndProject
Project("{FAE04EC0-301F-11D3-BF4B-00C04F79EFBC}") = "Scaffeine.Ordering", "Scaffeine.Ordering\Scaffeine.Ordering.csproj", "{85B63B8A-A3B1-44AC-A8C2-78E1F94C8F0A}"
EndProject
Project("{FAE04EC0-301F-11D3-BF4B-00C04F79EFBC}") = "Scaffeine.Payments", "Scaffeine.Payments\Scaffeine.Payments.csproj", "{FBA2EB3C-7186-4773-BC77-B645E4BB67CE}"
EndProject
Project("{FAE04EC0-301F-11D3-BF4B-00C04F79EFBC}") = "Scaffeine.Payments.AuthNet", "Scaffeine.AuthNet\Scaffeine.Payments.AuthNet.csproj", "{85738D2E-F06B-4093-B501-8F747139CF7D}"
EndProject
Project("{FAE04EC0-301F-11D3-BF4B-00C04F79EFBC}") = "Scaffeine.Payments.PayPal", "Scaffeine.Payments.PayPal\Scaffeine.Payments.PayPal.csproj", "{D93B699A-69CA-4CD8-96B5-0FAB2BE65902}"
EndProject
Project("{FAE04EC0-301F-11D3-BF4B-00C04F79EFBC}") = "Scaffeine.Promotions", "Scaffeine.Promotions\Scaffeine.Promotions.csproj", "{78F933CC-D2FA-4FDF-B3E3-B1CF698A301A}"
EndProject
Project("{FAE04EC0-301F-11D3-BF4B-00C04F79EFBC}") = "Scaffeine.ProductLocator", "Scaffeine.ProductLocator\Scaffeine.ProductLocator.csproj", "{6536600E-4A67-4DF9-98BE-2F42FE4DA299}"
EndProject
Project("{FAE04EC0-301F-11D3-BF4B-00C04F79EFBC}") = "Scaffeine.ProductLocator.Amazon", "Scaffeine.ProductLocator.Amazon\Scaffeine.ProductLocator.Amazon.csproj", "{5A4BEE7C-7D5D-4DEC-B18D-27A8D4F63503}"
EndProject
Project("{FAE04EC0-301F-11D3-BF4B-00C04F79EFBC}") = "Scaffeine.Subscriptions", "Scaffeine.Subscriptions\Scaffeine.Subscriptions.csproj", "{84106D49-916E-4504-BA90-DEB7739343B9}"
EndProject
Project("{FAE04EC0-301F-11D3-BF4B-00C04F79EFBC}") = "Scaffeine.Subscriptions.Recurly", "Scaffeine.Subscriptions.Recurly\Scaffeine.Subscriptions.Recurly.csproj", "{7CABDA49-6F15-4340-A5CE-5DF2B8EB8D77}"
EndProject
Project("{FAE04EC0-301F-11D3-BF4B-00C04F79EFBC}") = "Scaffeine.Inbox", "Scaffeine.Inbox\Scaffeine.Inbox.csproj", "{84A1D870-20D6-4829-82B7-CB59896AA941}"
EndProject
Project("{FAE04EC0-301F-11D3-BF4B-00C04F79EFBC}") = "Scaffeine.MLM", "Scaffeine.MLM\Scaffeine.MLM.csproj", "{57177125-3055-4B72-A471-6674D0D1AB0B}"
EndProject
Project("{FAE04EC0-301F-11D3-BF4B-00C04F79EFBC}") = "Scaffeine.Friends", "Scaffeine.Friends\Scaffeine.Friends.csproj", "{1F72E522-0D4C-45C0-8003-0AAF30DB111F}"
EndProject
Project("{FAE04EC0-301F-11D3-BF4B-00C04F79EFBC}") = "Scaffeine.Profiles", "Scaffeine.Profiles\Scaffeine.Profiles.csproj", "{B611ACE2-5B64-4C41-9AA3-9DCBAC8A2766}"
EndProject
Project("{FAE04EC0-301F-11D3-BF4B-00C04F79EFBC}") = "Scaffeine.Catalog", "Scaffeine.Catalog\Scaffeine.Catalog.csproj", "{DF99EBAF-9243-4D96-B094-3CBB9B842282}"
EndProject
Project("{FAE04EC0-301F-11D3-BF4B-00C04F79EFBC}") = "Scaffeine.Facebook", "Scaffeine.Facebook\Scaffeine.Facebook.csproj", "{FD0F01E9-D8AB-4FF2-93C1-990B4E5CB6C4}"
EndProject
Project("{FAE04EC0-301F-11D3-BF4B-00C04F79EFBC}") = "Scaffeine.Notifications", "Scaffeine.Notifications\Scaffeine.Notifications.csproj", "{7152FF50-1BA9-43C1-B931-1A8B4827B6A7}"
EndProject
Project("{FAE04EC0-301F-11D3-BF4B-00C04F79EFBC}") = "Scaffeine.Levels", "Scaffeine.Levels\Scaffeine.Levels.csproj", "{2890F91B-F398-481B-AEB3-8B44F9C3A4FE}"
EndProject
Project("{FAE04EC0-301F-11D3-BF4B-00C04F79EFBC}") = "Scaffeine.Integrations", "Scaffeine.Integrations\Scaffeine.Integrations.csproj", "{75F23001-47E7-4DC9-9ADA-041A3EE0B056}"
EndProject
Project("{FAE04EC0-301F-11D3-BF4B-00C04F79EFBC}") = "Scaffeine.Commerce", "Scaffeine.Commerce\Scaffeine.Commerce.csproj", "{AAF63586-59D3-4CAF-A8D5-837DC7212897}"
EndProject
Project("{FAE04EC0-301F-11D3-BF4B-00C04F79EFBC}") = "Scaffeine.RoleManager", "Scaffeine.RoleManager\Scaffeine.RoleManager.csproj", "{E8DBE8E7-EF2C-4F45-BE62-EA5F9D636183}"
EndProject
Project("{FAE04EC0-301F-11D3-BF4B-00C04F79EFBC}") = "Scaffeine.Organizations", "Scaffeine.Organizations\Scaffeine.Organizations.csproj", "{9ED46429-6070-4D31-B74F-4A1AD65096DD}"

Project("{FAE04EC0-301F-11D3-BF4B-00C04F79EFBC}") = "Scaffeine.Photos", "Scaffeine.Photos\Scaffeine.Photos.csproj", "{E7E99320-41EB-48D6-93CB-FA01352E9E5C}"
EndProject
Project("{FAE04EC0-301F-11D3-BF4B-00C04F79EFBC}") = "Scaffeine.Photos.FileSystem", "Scaffeine.Photos.FileSystem\Scaffeine.Photos.FileSystem.csproj", "{73FBF48E-FC7C-43E9-95B9-AD89289C486C}"
EndProject
Project("{FAE04EC0-301F-11D3-BF4B-00C04F79EFBC}") = "Scaffeine.Photos.Test", "Scaffeine.Photos.Test\Scaffeine.Photos.Test.csproj", "{7384F9E1-87D6-42BB-9490-FF6C69FB9B87}"

EndProject
Global
	GlobalSection(SolutionConfigurationPlatforms) = preSolution
		Debug|Any CPU = Debug|Any CPU
		Release|Any CPU = Release|Any CPU
	EndGlobalSection
	GlobalSection(ProjectConfigurationPlatforms) = postSolution
		{4394DDA4-EEDB-4300-AD96-F297AC02B231}.Debug|Any CPU.ActiveCfg = Debug|Any CPU
		{4394DDA4-EEDB-4300-AD96-F297AC02B231}.Debug|Any CPU.Build.0 = Debug|Any CPU
		{4394DDA4-EEDB-4300-AD96-F297AC02B231}.Release|Any CPU.ActiveCfg = Release|Any CPU
		{4394DDA4-EEDB-4300-AD96-F297AC02B231}.Release|Any CPU.Build.0 = Release|Any CPU
		{F352B19A-8CA0-4DEB-9C3B-AA2AD0EC464D}.Debug|Any CPU.ActiveCfg = Debug|Any CPU
		{F352B19A-8CA0-4DEB-9C3B-AA2AD0EC464D}.Debug|Any CPU.Build.0 = Debug|Any CPU
		{F352B19A-8CA0-4DEB-9C3B-AA2AD0EC464D}.Release|Any CPU.ActiveCfg = Release|Any CPU
		{F352B19A-8CA0-4DEB-9C3B-AA2AD0EC464D}.Release|Any CPU.Build.0 = Release|Any CPU
		{C98282C7-0C16-4D70-AAEE-BFD62B816199}.Debug|Any CPU.ActiveCfg = Debug|Any CPU
		{C98282C7-0C16-4D70-AAEE-BFD62B816199}.Debug|Any CPU.Build.0 = Debug|Any CPU
		{C98282C7-0C16-4D70-AAEE-BFD62B816199}.Release|Any CPU.ActiveCfg = Release|Any CPU
		{C98282C7-0C16-4D70-AAEE-BFD62B816199}.Release|Any CPU.Build.0 = Release|Any CPU
		{85B63B8A-A3B1-44AC-A8C2-78E1F94C8F0A}.Debug|Any CPU.ActiveCfg = Debug|Any CPU
		{85B63B8A-A3B1-44AC-A8C2-78E1F94C8F0A}.Debug|Any CPU.Build.0 = Debug|Any CPU
		{85B63B8A-A3B1-44AC-A8C2-78E1F94C8F0A}.Release|Any CPU.ActiveCfg = Release|Any CPU
		{85B63B8A-A3B1-44AC-A8C2-78E1F94C8F0A}.Release|Any CPU.Build.0 = Release|Any CPU
		{FBA2EB3C-7186-4773-BC77-B645E4BB67CE}.Debug|Any CPU.ActiveCfg = Debug|Any CPU
		{FBA2EB3C-7186-4773-BC77-B645E4BB67CE}.Debug|Any CPU.Build.0 = Debug|Any CPU
		{FBA2EB3C-7186-4773-BC77-B645E4BB67CE}.Release|Any CPU.ActiveCfg = Release|Any CPU
		{FBA2EB3C-7186-4773-BC77-B645E4BB67CE}.Release|Any CPU.Build.0 = Release|Any CPU
		{85738D2E-F06B-4093-B501-8F747139CF7D}.Debug|Any CPU.ActiveCfg = Debug|Any CPU
		{85738D2E-F06B-4093-B501-8F747139CF7D}.Debug|Any CPU.Build.0 = Debug|Any CPU
		{85738D2E-F06B-4093-B501-8F747139CF7D}.Release|Any CPU.ActiveCfg = Release|Any CPU
		{85738D2E-F06B-4093-B501-8F747139CF7D}.Release|Any CPU.Build.0 = Release|Any CPU
		{D93B699A-69CA-4CD8-96B5-0FAB2BE65902}.Debug|Any CPU.ActiveCfg = Debug|Any CPU
		{D93B699A-69CA-4CD8-96B5-0FAB2BE65902}.Debug|Any CPU.Build.0 = Debug|Any CPU
		{D93B699A-69CA-4CD8-96B5-0FAB2BE65902}.Release|Any CPU.ActiveCfg = Release|Any CPU
		{D93B699A-69CA-4CD8-96B5-0FAB2BE65902}.Release|Any CPU.Build.0 = Release|Any CPU
		{78F933CC-D2FA-4FDF-B3E3-B1CF698A301A}.Debug|Any CPU.ActiveCfg = Debug|Any CPU
		{78F933CC-D2FA-4FDF-B3E3-B1CF698A301A}.Debug|Any CPU.Build.0 = Debug|Any CPU
		{78F933CC-D2FA-4FDF-B3E3-B1CF698A301A}.Release|Any CPU.ActiveCfg = Release|Any CPU
		{78F933CC-D2FA-4FDF-B3E3-B1CF698A301A}.Release|Any CPU.Build.0 = Release|Any CPU
		{6536600E-4A67-4DF9-98BE-2F42FE4DA299}.Debug|Any CPU.ActiveCfg = Debug|Any CPU
		{6536600E-4A67-4DF9-98BE-2F42FE4DA299}.Debug|Any CPU.Build.0 = Debug|Any CPU
		{6536600E-4A67-4DF9-98BE-2F42FE4DA299}.Release|Any CPU.ActiveCfg = Release|Any CPU
		{6536600E-4A67-4DF9-98BE-2F42FE4DA299}.Release|Any CPU.Build.0 = Release|Any CPU
		{5A4BEE7C-7D5D-4DEC-B18D-27A8D4F63503}.Debug|Any CPU.ActiveCfg = Debug|Any CPU
		{5A4BEE7C-7D5D-4DEC-B18D-27A8D4F63503}.Debug|Any CPU.Build.0 = Debug|Any CPU
		{5A4BEE7C-7D5D-4DEC-B18D-27A8D4F63503}.Release|Any CPU.ActiveCfg = Release|Any CPU
		{5A4BEE7C-7D5D-4DEC-B18D-27A8D4F63503}.Release|Any CPU.Build.0 = Release|Any CPU
		{84106D49-916E-4504-BA90-DEB7739343B9}.Debug|Any CPU.ActiveCfg = Debug|Any CPU
		{84106D49-916E-4504-BA90-DEB7739343B9}.Debug|Any CPU.Build.0 = Debug|Any CPU
		{84106D49-916E-4504-BA90-DEB7739343B9}.Release|Any CPU.ActiveCfg = Release|Any CPU
		{84106D49-916E-4504-BA90-DEB7739343B9}.Release|Any CPU.Build.0 = Release|Any CPU
		{7CABDA49-6F15-4340-A5CE-5DF2B8EB8D77}.Debug|Any CPU.ActiveCfg = Debug|Any CPU
		{7CABDA49-6F15-4340-A5CE-5DF2B8EB8D77}.Debug|Any CPU.Build.0 = Debug|Any CPU
		{7CABDA49-6F15-4340-A5CE-5DF2B8EB8D77}.Release|Any CPU.ActiveCfg = Release|Any CPU
		{7CABDA49-6F15-4340-A5CE-5DF2B8EB8D77}.Release|Any CPU.Build.0 = Release|Any CPU
		{84A1D870-20D6-4829-82B7-CB59896AA941}.Debug|Any CPU.ActiveCfg = Debug|Any CPU
		{84A1D870-20D6-4829-82B7-CB59896AA941}.Debug|Any CPU.Build.0 = Debug|Any CPU
		{84A1D870-20D6-4829-82B7-CB59896AA941}.Release|Any CPU.ActiveCfg = Release|Any CPU
		{84A1D870-20D6-4829-82B7-CB59896AA941}.Release|Any CPU.Build.0 = Release|Any CPU
		{57177125-3055-4B72-A471-6674D0D1AB0B}.Debug|Any CPU.ActiveCfg = Debug|Any CPU
		{57177125-3055-4B72-A471-6674D0D1AB0B}.Debug|Any CPU.Build.0 = Debug|Any CPU
		{57177125-3055-4B72-A471-6674D0D1AB0B}.Release|Any CPU.ActiveCfg = Release|Any CPU
		{57177125-3055-4B72-A471-6674D0D1AB0B}.Release|Any CPU.Build.0 = Release|Any CPU
		{1F72E522-0D4C-45C0-8003-0AAF30DB111F}.Debug|Any CPU.ActiveCfg = Debug|Any CPU
		{1F72E522-0D4C-45C0-8003-0AAF30DB111F}.Debug|Any CPU.Build.0 = Debug|Any CPU
		{1F72E522-0D4C-45C0-8003-0AAF30DB111F}.Release|Any CPU.ActiveCfg = Release|Any CPU
		{1F72E522-0D4C-45C0-8003-0AAF30DB111F}.Release|Any CPU.Build.0 = Release|Any CPU
		{B611ACE2-5B64-4C41-9AA3-9DCBAC8A2766}.Debug|Any CPU.ActiveCfg = Debug|Any CPU
		{B611ACE2-5B64-4C41-9AA3-9DCBAC8A2766}.Debug|Any CPU.Build.0 = Debug|Any CPU
		{B611ACE2-5B64-4C41-9AA3-9DCBAC8A2766}.Release|Any CPU.ActiveCfg = Release|Any CPU
		{B611ACE2-5B64-4C41-9AA3-9DCBAC8A2766}.Release|Any CPU.Build.0 = Release|Any CPU
		{DF99EBAF-9243-4D96-B094-3CBB9B842282}.Debug|Any CPU.ActiveCfg = Debug|Any CPU
		{DF99EBAF-9243-4D96-B094-3CBB9B842282}.Debug|Any CPU.Build.0 = Debug|Any CPU
		{DF99EBAF-9243-4D96-B094-3CBB9B842282}.Release|Any CPU.ActiveCfg = Release|Any CPU
		{DF99EBAF-9243-4D96-B094-3CBB9B842282}.Release|Any CPU.Build.0 = Release|Any CPU
		{FD0F01E9-D8AB-4FF2-93C1-990B4E5CB6C4}.Debug|Any CPU.ActiveCfg = Debug|Any CPU
		{FD0F01E9-D8AB-4FF2-93C1-990B4E5CB6C4}.Debug|Any CPU.Build.0 = Debug|Any CPU
		{FD0F01E9-D8AB-4FF2-93C1-990B4E5CB6C4}.Release|Any CPU.ActiveCfg = Release|Any CPU
		{FD0F01E9-D8AB-4FF2-93C1-990B4E5CB6C4}.Release|Any CPU.Build.0 = Release|Any CPU
		{7152FF50-1BA9-43C1-B931-1A8B4827B6A7}.Debug|Any CPU.ActiveCfg = Debug|Any CPU
		{7152FF50-1BA9-43C1-B931-1A8B4827B6A7}.Debug|Any CPU.Build.0 = Debug|Any CPU
		{7152FF50-1BA9-43C1-B931-1A8B4827B6A7}.Release|Any CPU.ActiveCfg = Release|Any CPU
		{7152FF50-1BA9-43C1-B931-1A8B4827B6A7}.Release|Any CPU.Build.0 = Release|Any CPU
		{2890F91B-F398-481B-AEB3-8B44F9C3A4FE}.Debug|Any CPU.ActiveCfg = Debug|Any CPU
		{2890F91B-F398-481B-AEB3-8B44F9C3A4FE}.Debug|Any CPU.Build.0 = Debug|Any CPU
		{2890F91B-F398-481B-AEB3-8B44F9C3A4FE}.Release|Any CPU.ActiveCfg = Release|Any CPU
		{2890F91B-F398-481B-AEB3-8B44F9C3A4FE}.Release|Any CPU.Build.0 = Release|Any CPU
		{75F23001-47E7-4DC9-9ADA-041A3EE0B056}.Debug|Any CPU.ActiveCfg = Debug|Any CPU
		{75F23001-47E7-4DC9-9ADA-041A3EE0B056}.Debug|Any CPU.Build.0 = Debug|Any CPU
		{75F23001-47E7-4DC9-9ADA-041A3EE0B056}.Release|Any CPU.ActiveCfg = Release|Any CPU
		{75F23001-47E7-4DC9-9ADA-041A3EE0B056}.Release|Any CPU.Build.0 = Release|Any CPU
		{AAF63586-59D3-4CAF-A8D5-837DC7212897}.Debug|Any CPU.ActiveCfg = Debug|Any CPU
		{AAF63586-59D3-4CAF-A8D5-837DC7212897}.Debug|Any CPU.Build.0 = Debug|Any CPU
		{AAF63586-59D3-4CAF-A8D5-837DC7212897}.Release|Any CPU.ActiveCfg = Release|Any CPU
		{AAF63586-59D3-4CAF-A8D5-837DC7212897}.Release|Any CPU.Build.0 = Release|Any CPU
		{E8DBE8E7-EF2C-4F45-BE62-EA5F9D636183}.Debug|Any CPU.ActiveCfg = Debug|Any CPU
		{E8DBE8E7-EF2C-4F45-BE62-EA5F9D636183}.Debug|Any CPU.Build.0 = Debug|Any CPU
		{E8DBE8E7-EF2C-4F45-BE62-EA5F9D636183}.Release|Any CPU.ActiveCfg = Release|Any CPU
		{E8DBE8E7-EF2C-4F45-BE62-EA5F9D636183}.Release|Any CPU.Build.0 = Release|Any CPU
		{9ED46429-6070-4D31-B74F-4A1AD65096DD}.Debug|Any CPU.ActiveCfg = Debug|Any CPU
		{9ED46429-6070-4D31-B74F-4A1AD65096DD}.Debug|Any CPU.Build.0 = Debug|Any CPU
		{9ED46429-6070-4D31-B74F-4A1AD65096DD}.Release|Any CPU.ActiveCfg = Release|Any CPU
		{9ED46429-6070-4D31-B74F-4A1AD65096DD}.Release|Any CPU.Build.0 = Release|Any CPU
		{E7E99320-41EB-48D6-93CB-FA01352E9E5C}.Debug|Any CPU.ActiveCfg = Debug|Any CPU
		{E7E99320-41EB-48D6-93CB-FA01352E9E5C}.Debug|Any CPU.Build.0 = Debug|Any CPU
		{E7E99320-41EB-48D6-93CB-FA01352E9E5C}.Release|Any CPU.ActiveCfg = Release|Any CPU
		{E7E99320-41EB-48D6-93CB-FA01352E9E5C}.Release|Any CPU.Build.0 = Release|Any CPU
		{73FBF48E-FC7C-43E9-95B9-AD89289C486C}.Debug|Any CPU.ActiveCfg = Debug|Any CPU
		{73FBF48E-FC7C-43E9-95B9-AD89289C486C}.Debug|Any CPU.Build.0 = Debug|Any CPU
		{73FBF48E-FC7C-43E9-95B9-AD89289C486C}.Release|Any CPU.ActiveCfg = Release|Any CPU
		{73FBF48E-FC7C-43E9-95B9-AD89289C486C}.Release|Any CPU.Build.0 = Release|Any CPU
		{7384F9E1-87D6-42BB-9490-FF6C69FB9B87}.Debug|Any CPU.ActiveCfg = Debug|Any CPU
		{7384F9E1-87D6-42BB-9490-FF6C69FB9B87}.Debug|Any CPU.Build.0 = Debug|Any CPU
		{7384F9E1-87D6-42BB-9490-FF6C69FB9B87}.Release|Any CPU.ActiveCfg = Release|Any CPU
		{7384F9E1-87D6-42BB-9490-FF6C69FB9B87}.Release|Any CPU.Build.0 = Release|Any CPU
	EndGlobalSection
	GlobalSection(SolutionProperties) = preSolution
		HideSolutionNode = FALSE
	EndGlobalSection
EndGlobal
