
Microsoft Visual Studio Solution File, Format Version 12.00
# Visual Studio 2012
Project("{2150E333-8FDC-42A3-9474-1A3956D46DE8}") = ".nuget", ".nuget", "{EAC958D9-3820-4A62-9076-B7825B4B5646}"
	ProjectSection(SolutionItems) = preProject
		.nuget\NuGet.Config = .nuget\NuGet.Config
		.nuget\nuget.exe = .nuget\nuget.exe
		.nuget\NuGet.targets = .nuget\NuGet.targets
	EndProjectSection
EndProject
Project("{FAE04EC0-301F-11D3-BF4B-00C04F79EFBC}") = "Scaffeine.Payments", "Scaffeine.Payments\Scaffeine.Payments.csproj", "{FBA2EB3C-7186-4773-BC77-B645E4BB67CE}"
EndProject
Project("{FAE04EC0-301F-11D3-BF4B-00C04F79EFBC}") = "Scaffeine.Payments.PayPal", "Scaffeine.Payments.PayPal\Scaffeine.Payments.PayPal.csproj", "{D93B699A-69CA-4CD8-96B5-0FAB2BE65902}"
EndProject
Project("{FAE04EC0-301F-11D3-BF4B-00C04F79EFBC}") = "Scaffeine.Subscriptions", "Scaffeine.Subscriptions\Scaffeine.Subscriptions.csproj", "{84106D49-916E-4504-BA90-DEB7739343B9}"
EndProject
Project("{FAE04EC0-301F-11D3-BF4B-00C04F79EFBC}") = "Scaffeine.Subscriptions.Recurly", "Scaffeine.Subscriptions.Recurly\Scaffeine.Subscriptions.Recurly.csproj", "{7CABDA49-6F15-4340-A5CE-5DF2B8EB8D77}"
EndProject
Project("{FAE04EC0-301F-11D3-BF4B-00C04F79EFBC}") = "Scaffeine.Facebook", "Scaffeine.Facebook\Scaffeine.Facebook.csproj", "{FD0F01E9-D8AB-4FF2-93C1-990B4E5CB6C4}"
EndProject
Project("{FAE04EC0-301F-11D3-BF4B-00C04F79EFBC}") = "Scaffeine.Notifications", "Scaffeine.Notifications\Scaffeine.Notifications.csproj", "{7152FF50-1BA9-43C1-B931-1A8B4827B6A7}"
EndProject
Project("{FAE04EC0-301F-11D3-BF4B-00C04F79EFBC}") = "Scaffeine.Integrations", "Scaffeine.Integrations\Scaffeine.Integrations.csproj", "{75F23001-47E7-4DC9-9ADA-041A3EE0B056}"
EndProject
Project("{FAE04EC0-301F-11D3-BF4B-00C04F79EFBC}") = "Scaffeine.Organizations", "Scaffeine.Organizations\Scaffeine.Organizations.csproj", "{9ED46429-6070-4D31-B74F-4A1AD65096DD}"
EndProject
Project("{FAE04EC0-301F-11D3-BF4B-00C04F79EFBC}") = "Scaffeine.Photos", "Scaffeine.Photos\Scaffeine.Photos.csproj", "{E7E99320-41EB-48D6-93CB-FA01352E9E5C}"
EndProject
Project("{FAE04EC0-301F-11D3-BF4B-00C04F79EFBC}") = "Scaffeine.Photos.FileSystem", "Scaffeine.Photos.FileSystem\Scaffeine.Photos.FileSystem.csproj", "{73FBF48E-FC7C-43E9-95B9-AD89289C486C}"
EndProject
Project("{FAE04EC0-301F-11D3-BF4B-00C04F79EFBC}") = "Scaffeine.Photos.Test", "Scaffeine.Photos.Test\Scaffeine.Photos.Test.csproj", "{7384F9E1-87D6-42BB-9490-FF6C69FB9B87}"
EndProject
Project("{FAE04EC0-301F-11D3-BF4B-00C04F79EFBC}") = "Scaffeine.Subscriptions.Recurly.UnitTests", "Scaffeine.Subscriptions.Recurly.UnitTests\Scaffeine.Subscriptions.Recurly.UnitTests.csproj", "{1C74B31D-BB35-4CC1-8828-6E02ED9B7924}"
EndProject
Project("{FAE04EC0-301F-11D3-BF4B-00C04F79EFBC}") = "Scaffeine.Organizations.Manager", "Scaffeine.Organizations.Manager\Scaffeine.Organizations.Manager.csproj", "{1EC6EA37-BB5D-4379-83CE-A599773AEC8B}"
EndProject
Project("{FAE04EC0-301F-11D3-BF4B-00C04F79EFBC}") = "Scaffeine.Shipping.USPS", "Scaffeine.Shipping.USPS\Scaffeine.Shipping.USPS.csproj", "{3E591F47-88CB-4628-9984-F6612E98CC36}"
EndProject
Project("{FAE04EC0-301F-11D3-BF4B-00C04F79EFBC}") = "Scaffeine.Photos.AmazonS3", "Scaffeine.Photos.AmazonS3\Scaffeine.Photos.AmazonS3.csproj", "{CFC9B481-B0C1-4D9B-98E1-8FE9C2E536FC}"
EndProject
Project("{FAE04EC0-301F-11D3-BF4B-00C04F79EFBC}") = "Scaffeine.Photos.Database", "Scaffeine.Photos.Database\Scaffeine.Photos.Database.csproj", "{7B29AE25-6175-4456-9483-3EB41272D955}"
EndProject
Project("{FAE04EC0-301F-11D3-BF4B-00C04F79EFBC}") = "Scaffeine.Organizations.Profiles", "Scaffeine.Organizations.Profiles\Scaffeine.Organizations.Profiles.csproj", "{E374AF86-D4EC-49C7-B25F-D2922BC2D9BC}"
EndProject
Project("{FAE04EC0-301F-11D3-BF4B-00C04F79EFBC}") = "Scaffeine.Subscriptions.AuthNet", "Scaffeine.Subscriptions.AuthNet\Scaffeine.Subscriptions.AuthNet.csproj", "{6DC6DE53-3014-4C19-8BEA-BD50AF88F203}"
EndProject
Project("{FAE04EC0-301F-11D3-BF4B-00C04F79EFBC}") = "Scaffeine.Storage", "Scaffeine.Storage\Scaffeine.Storage.csproj", "{80AF7C7D-03C1-4FD1-9959-3E0DEB9DF1FF}"
EndProject
Project("{FAE04EC0-301F-11D3-BF4B-00C04F79EFBC}") = "Scaffeine.TodoLists", "Scaffeine.TodoLists\Scaffeine.TodoLists.csproj", "{AF87B195-D563-4FF3-8DE7-380732C82738}"
EndProject
Project("{FAE04EC0-301F-11D3-BF4B-00C04F79EFBC}") = "Scaffeine.Shipping.Shipwire", "Scaffeine.Shipping.Shipwire\Scaffeine.Shipping.Shipwire.csproj", "{0ADA6510-08AE-4A4F-B52D-BBF48FB8E217}"
EndProject
Project("{FAE04EC0-301F-11D3-BF4B-00C04F79EFBC}") = "Scaffeine.Shipping", "Scaffeine.Shipping\Scaffeine.Shipping.csproj", "{362EAC7C-CA04-4AC6-A1C0-560BCEC51B3E}"
EndProject
Project("{FAE04EC0-301F-11D3-BF4B-00C04F79EFBC}") = "Scaffeine.Subscriptions.Manager", "Scaffeine.Subscriptions.Manager\Scaffeine.Subscriptions.Manager.csproj", "{1EC7F8D4-2342-46CC-AC8A-B5E5559D4B68}"
EndProject
Project("{FAE04EC0-301F-11D3-BF4B-00C04F79EFBC}") = "Scaffeine.Shell", "Scaffeine.Shell\Scaffeine.Shell.csproj", "{4394DDA4-EEDB-4300-AD96-F297AC02B231}"
EndProject
Project("{FAE04EC0-301F-11D3-BF4B-00C04F79EFBC}") = "Scaffeine", "Scaffeine\Scaffeine.csproj", "{A5CDC72A-860B-4611-B32F-FE03828AF13D}"
EndProject
Project("{FAE04EC0-301F-11D3-BF4B-00C04F79EFBC}") = "Scaffeine.ShippingRates", "Scaffeine.ShippingRates\Scaffeine.ShippingRates.csproj", "{A58ACCFC-B5B6-4F7F-A5BA-4FB8FD45CBC7}"
EndProject
Project("{FAE04EC0-301F-11D3-BF4B-00C04F79EFBC}") = "Scaffeine.Payments.AuthNet", "Scaffeine.Payments.AuthNet\Scaffeine.Payments.AuthNet.csproj", "{85738D2E-F06B-4093-B501-8F747139CF7D}"
EndProject
Project("{FAE04EC0-301F-11D3-BF4B-00C04F79EFBC}") = "Scaffeine.Shipping.Manager", "Scaffeine.Shipping.Manager\Scaffeine.Shipping.Manager.csproj", "{C98282C7-0C16-4D70-AAEE-BFD62B816199}"
EndProject
Project("{FAE04EC0-301F-11D3-BF4B-00C04F79EFBC}") = "Scaffeine.Leads.Manager", "Scaffeine.Leads.Manager\Scaffeine.Leads.Manager.csproj", "{63F6C218-0D68-49E8-96D9-2FD860325619}"
EndProject
Project("{2150E333-8FDC-42A3-9474-1A3956D46DE8}") = "Membership", "Membership", "{4A783738-5A46-4137-9D26-44960B9701AF}"
EndProject
Project("{2150E333-8FDC-42A3-9474-1A3956D46DE8}") = "Base", "Base", "{0CB90B4D-604F-4A32-BD19-7FA4AA2CAB4B}"
EndProject
Project("{2150E333-8FDC-42A3-9474-1A3956D46DE8}") = "Inbox", "Inbox", "{6CB75AB2-A39A-4672-B517-AABB56AFD5C4}"
EndProject
Project("{2150E333-8FDC-42A3-9474-1A3956D46DE8}") = "Integrations", "Integrations", "{EB9C89F9-2D93-4B2A-B9F6-57407FF553C6}"
EndProject
Project("{2150E333-8FDC-42A3-9474-1A3956D46DE8}") = "Leads", "Leads", "{8F6951D2-3A27-4BE8-8DE5-787667C2D6D5}"
EndProject
Project("{2150E333-8FDC-42A3-9474-1A3956D46DE8}") = "Pages", "Pages", "{DF975682-A3DB-4937-A776-F57536997E14}"
EndProject
Project("{2150E333-8FDC-42A3-9474-1A3956D46DE8}") = "Subscriptions", "Subscriptions", "{526BCCE5-C215-44EE-B591-76F8839B404B}"
EndProject
Project("{2150E333-8FDC-42A3-9474-1A3956D46DE8}") = "Infrastructure", "Infrastructure", "{7D5A235E-2AE7-46FB-9BE6-33973DF13FBF}"
EndProject
Project("{2150E333-8FDC-42A3-9474-1A3956D46DE8}") = "Payments", "Payments", "{9B9D6786-CF1E-44F7-8FE6-1BD7D0B7F1B1}"
EndProject
Project("{2150E333-8FDC-42A3-9474-1A3956D46DE8}") = "Organizations", "Organizations", "{68CC4FB0-8B7D-476F-825C-943D47B723D0}"
EndProject
Project("{2150E333-8FDC-42A3-9474-1A3956D46DE8}") = "Misc", "Misc", "{3D1559F9-50FC-4675-AD8A-6A435B73F1BF}"
EndProject
Project("{2150E333-8FDC-42A3-9474-1A3956D46DE8}") = "Photos", "Photos", "{8E996AA3-DAF3-4F75-98F4-712691DC899A}"
EndProject
Project("{FAE04EC0-301F-11D3-BF4B-00C04F79EFBC}") = "Scaffeine.Leads.Core", "Scaffeine.Leads.Core\Scaffeine.Leads.Core.csproj", "{EAE1A235-8E6E-40E3-8F60-BD212974F8EA}"
EndProject
Project("{FAE04EC0-301F-11D3-BF4B-00C04F79EFBC}") = "Scaffeine.Orders.Provider", "Scaffeine.Orders.Provider\Scaffeine.Orders.Provider.csproj", "{465B7A98-1B1A-4BEB-AC55-6114B69A5BA2}"
EndProject
Project("{FAE04EC0-301F-11D3-BF4B-00C04F79EFBC}") = "Scaffeine.Orders.Core", "Scaffeine.Orders.Core\Scaffeine.Orders.Core.csproj", "{A2ADE471-847E-4F19-B575-A3CDABD53632}"
EndProject
Project("{2150E333-8FDC-42A3-9474-1A3956D46DE8}") = "Orders", "Orders", "{150F2380-4CDD-420B-A5C7-C1B537A5642F}"
EndProject
Project("{FAE04EC0-301F-11D3-BF4B-00C04F79EFBC}") = "Scaffeine.Orders.Shipwire", "Scaffeine.Orders.Shipwire\Scaffeine.Orders.Shipwire.csproj", "{D69341D4-C85F-46FC-A411-BF80E9ABD0D5}"
EndProject
Project("{FAE04EC0-301F-11D3-BF4B-00C04F79EFBC}") = "Scaffeine.Organizations.MLM", "Scaffeine.Organizations.MLM\Scaffeine.Organizations.MLM.csproj", "{57177125-3055-4B72-A471-6674D0D1AB0B}"
EndProject
Project("{FAE04EC0-301F-11D3-BF4B-00C04F79EFBC}") = "Scaffeine.Orders.Manager", "Scaffeine.Orders.Manager\Scaffeine.Orders.Manager.csproj", "{82A0140B-F580-4020-BC2A-EDE002B3B291}"
EndProject
Project("{2150E333-8FDC-42A3-9474-1A3956D46DE8}") = "Products", "Products", "{38A26CC0-2CD2-423F-B9A1-CE8145B84695}"
EndProject
Project("{FAE04EC0-301F-11D3-BF4B-00C04F79EFBC}") = "Scaffeine.Products.Core", "Scaffeine.Products.Core\Scaffeine.Products.Core.csproj", "{C36ED49E-E7AF-467D-8F35-DA1FFA8020C7}"
EndProject
Project("{FAE04EC0-301F-11D3-BF4B-00C04F79EFBC}") = "Scaffeine.Membership.Core", "Scaffeine.Membership.Core\Scaffeine.Membership.Core.csproj", "{7EB3B481-4387-4644-B323-4F3B4499F9B4}"
EndProject
Project("{FAE04EC0-301F-11D3-BF4B-00C04F79EFBC}") = "Scaffeine.Membership.Suite", "Scaffeine.Membership.Suite\Scaffeine.Membership.Suite.csproj", "{E00714BB-E05E-4E85-A534-BDC44D3AFFEC}"
EndProject
Project("{FAE04EC0-301F-11D3-BF4B-00C04F79EFBC}") = "Scaffeine.Membership.Welcome", "Scaffeine.Membership.Welcome\Scaffeine.Membership.Welcome.csproj", "{3E8BF0D4-924C-4C12-AF20-08472B86F0BD}"
EndProject
Project("{FAE04EC0-301F-11D3-BF4B-00C04F79EFBC}") = "Scaffeine.Membership.Shell", "Scaffeine.Membership.Shell\Scaffeine.Membership.Shell.csproj", "{83DB86EC-C94E-4901-8A25-E22CB766200D}"
EndProject
Project("{FAE04EC0-301F-11D3-BF4B-00C04F79EFBC}") = "Scaffeine.Membership.Services", "Scaffeine.Membership.Services\Scaffeine.Membership.Services.csproj", "{7D927932-5504-4082-92ED-123AC5E86FF0}"
EndProject
Project("{FAE04EC0-301F-11D3-BF4B-00C04F79EFBC}") = "Scaffeine.Leads.Services", "Scaffeine.Leads.Services\Scaffeine.Leads.Services.csproj", "{2BDEA833-2EE0-4C8F-B4BD-07D2585C32F3}"
EndProject
Project("{2150E333-8FDC-42A3-9474-1A3956D46DE8}") = "Promotions", "Promotions", "{449AEE1F-0277-4601-806E-0BE500C0B4F4}"
EndProject
Project("{2150E333-8FDC-42A3-9474-1A3956D46DE8}") = "Security", "Security", "{AD92DCCB-7AB2-4AF5-99E4-D0B75ED96ED6}"
EndProject
Project("{FAE04EC0-301F-11D3-BF4B-00C04F79EFBC}") = "Scaffeine.Security", "Scaffeine.Security\Scaffeine.Security.csproj", "{76345646-D0F4-4A9F-9A75-2371F13889FE}"
EndProject
Project("{FAE04EC0-301F-11D3-BF4B-00C04F79EFBC}") = "Scaffeine.Promotions.Core", "Scaffeine.Promotions.Core\Scaffeine.Promotions.Core.csproj", "{78F933CC-D2FA-4FDF-B3E3-B1CF698A301A}"
EndProject
Project("{FAE04EC0-301F-11D3-BF4B-00C04F79EFBC}") = "Scaffeine.Promotions.Shell", "Scaffeine.Promotions.Shell\Scaffeine.Promotions.Shell.csproj", "{DCB32BA6-B631-43E5-8553-C190B0436F54}"
EndProject
Project("{2150E333-8FDC-42A3-9474-1A3956D46DE8}") = "ShoppingCart", "ShoppingCart", "{08C7AF31-953D-45E8-B4BF-13E52B4662F2}"
EndProject
Project("{FAE04EC0-301F-11D3-BF4B-00C04F79EFBC}") = "Scaffeine.ShoppingCart.Core", "Scaffeine.ShoppingCart.Core\Scaffeine.ShoppingCart.Core.csproj", "{AC92AF4A-5B8D-4B7D-B515-FA4D93F29AF6}"
EndProject
Project("{2150E333-8FDC-42A3-9474-1A3956D46DE8}") = "Shipping", "Shipping", "{36552EE6-3A86-4D3E-AB29-9C43BE143496}"
EndProject
Project("{FAE04EC0-301F-11D3-BF4B-00C04F79EFBC}") = "Scaffeine.Products.Software.Core", "Scaffeine.Products.Software.Core\Scaffeine.Products.Software.Core.csproj", "{7A76FA05-BEF6-4405-9713-5D507D3A0351}"
EndProject
Project("{2150E333-8FDC-42A3-9474-1A3956D46DE8}") = "Tour", "Tour", "{B99F2BA7-D19F-4268-B20C-C26A11647BF6}"
EndProject
Project("{FAE04EC0-301F-11D3-BF4B-00C04F79EFBC}") = "Scaffeine.Inbox.Core", "Scaffeine.Inbox.Core\Scaffeine.Inbox.Core.csproj", "{F95510D0-1F89-4586-AEA0-806B57BA1F3C}"
EndProject
Project("{FAE04EC0-301F-11D3-BF4B-00C04F79EFBC}") = "Scaffeine.Inbox.Services", "Scaffeine.Inbox.Services\Scaffeine.Inbox.Services.csproj", "{8B417018-54C3-42AE-99E9-C6C56EA57A50}"
EndProject
Project("{FAE04EC0-301F-11D3-BF4B-00C04F79EFBC}") = "Scaffeine.Products.Inventory.Core", "Scaffeine.Products.Inventory.Core\Scaffeine.Products.Inventory.Core.csproj", "{839F7A1C-4F83-479A-B37E-64CEDCA4D621}"
EndProject
Project("{FAE04EC0-301F-11D3-BF4B-00C04F79EFBC}") = "Scaffeine.Membership.Photo", "Scaffeine.Membership.Photo\Scaffeine.Membership.Photo.csproj", "{7C94C4B2-00D5-4A51-838C-27104E3368EB}"
EndProject
Project("{FAE04EC0-301F-11D3-BF4B-00C04F79EFBC}") = "Scaffeine.Membership.Subscriptions", "Scaffeine.Membership.Subscriptions\Scaffeine.Membership.Subscriptions.csproj", "{777981B4-9323-49FD-8B15-DBB077510481}"
EndProject
Project("{2150E333-8FDC-42A3-9474-1A3956D46DE8}") = "Models", "Models", "{EBF08061-FF4D-4D1C-AEB8-57EC28EE77D2}"
EndProject
Project("{FAE04EC0-301F-11D3-BF4B-00C04F79EFBC}") = "Scaffeine.Models.Common", "Scaffeine.Models.Common\Scaffeine.Models.Common.csproj", "{172EBFE8-2A00-45F5-90C8-6F1D6FB384AC}"
EndProject
Project("{2150E333-8FDC-42A3-9474-1A3956D46DE8}") = "Solution Items", "Solution Items", "{E2A8A488-76F4-40CA-9426-B26BFC0C4355}"
	ProjectSection(SolutionItems) = preProject
		contributors.xml = contributors.xml
	EndProjectSection
EndProject
Global
	GlobalSection(SolutionConfigurationPlatforms) = preSolution
		Debug|Any CPU = Debug|Any CPU
		Release|Any CPU = Release|Any CPU
	EndGlobalSection
	GlobalSection(ProjectConfigurationPlatforms) = postSolution
		{FBA2EB3C-7186-4773-BC77-B645E4BB67CE}.Debug|Any CPU.ActiveCfg = Debug|Any CPU
		{FBA2EB3C-7186-4773-BC77-B645E4BB67CE}.Release|Any CPU.ActiveCfg = Release|Any CPU
		{FBA2EB3C-7186-4773-BC77-B645E4BB67CE}.Release|Any CPU.Build.0 = Release|Any CPU
		{D93B699A-69CA-4CD8-96B5-0FAB2BE65902}.Debug|Any CPU.ActiveCfg = Debug|Any CPU
		{D93B699A-69CA-4CD8-96B5-0FAB2BE65902}.Release|Any CPU.ActiveCfg = Release|Any CPU
		{D93B699A-69CA-4CD8-96B5-0FAB2BE65902}.Release|Any CPU.Build.0 = Release|Any CPU
		{84106D49-916E-4504-BA90-DEB7739343B9}.Debug|Any CPU.ActiveCfg = Debug|Any CPU
		{84106D49-916E-4504-BA90-DEB7739343B9}.Release|Any CPU.ActiveCfg = Release|Any CPU
		{84106D49-916E-4504-BA90-DEB7739343B9}.Release|Any CPU.Build.0 = Release|Any CPU
		{7CABDA49-6F15-4340-A5CE-5DF2B8EB8D77}.Debug|Any CPU.ActiveCfg = Debug|Any CPU
		{7CABDA49-6F15-4340-A5CE-5DF2B8EB8D77}.Release|Any CPU.ActiveCfg = Release|Any CPU
		{7CABDA49-6F15-4340-A5CE-5DF2B8EB8D77}.Release|Any CPU.Build.0 = Release|Any CPU
		{FD0F01E9-D8AB-4FF2-93C1-990B4E5CB6C4}.Debug|Any CPU.ActiveCfg = Debug|Any CPU
		{FD0F01E9-D8AB-4FF2-93C1-990B4E5CB6C4}.Release|Any CPU.ActiveCfg = Release|Any CPU
		{FD0F01E9-D8AB-4FF2-93C1-990B4E5CB6C4}.Release|Any CPU.Build.0 = Release|Any CPU
		{7152FF50-1BA9-43C1-B931-1A8B4827B6A7}.Debug|Any CPU.ActiveCfg = Debug|Any CPU
		{7152FF50-1BA9-43C1-B931-1A8B4827B6A7}.Release|Any CPU.ActiveCfg = Release|Any CPU
		{7152FF50-1BA9-43C1-B931-1A8B4827B6A7}.Release|Any CPU.Build.0 = Release|Any CPU
		{75F23001-47E7-4DC9-9ADA-041A3EE0B056}.Debug|Any CPU.ActiveCfg = Debug|Any CPU
		{75F23001-47E7-4DC9-9ADA-041A3EE0B056}.Release|Any CPU.ActiveCfg = Release|Any CPU
		{75F23001-47E7-4DC9-9ADA-041A3EE0B056}.Release|Any CPU.Build.0 = Release|Any CPU
		{9ED46429-6070-4D31-B74F-4A1AD65096DD}.Debug|Any CPU.ActiveCfg = Debug|Any CPU
		{9ED46429-6070-4D31-B74F-4A1AD65096DD}.Release|Any CPU.ActiveCfg = Release|Any CPU
		{9ED46429-6070-4D31-B74F-4A1AD65096DD}.Release|Any CPU.Build.0 = Release|Any CPU
		{E7E99320-41EB-48D6-93CB-FA01352E9E5C}.Debug|Any CPU.ActiveCfg = Debug|Any CPU
		{E7E99320-41EB-48D6-93CB-FA01352E9E5C}.Release|Any CPU.ActiveCfg = Release|Any CPU
		{E7E99320-41EB-48D6-93CB-FA01352E9E5C}.Release|Any CPU.Build.0 = Release|Any CPU
		{73FBF48E-FC7C-43E9-95B9-AD89289C486C}.Debug|Any CPU.ActiveCfg = Debug|Any CPU
		{73FBF48E-FC7C-43E9-95B9-AD89289C486C}.Release|Any CPU.ActiveCfg = Release|Any CPU
		{73FBF48E-FC7C-43E9-95B9-AD89289C486C}.Release|Any CPU.Build.0 = Release|Any CPU
		{7384F9E1-87D6-42BB-9490-FF6C69FB9B87}.Debug|Any CPU.ActiveCfg = Debug|Any CPU
		{7384F9E1-87D6-42BB-9490-FF6C69FB9B87}.Release|Any CPU.ActiveCfg = Release|Any CPU
		{7384F9E1-87D6-42BB-9490-FF6C69FB9B87}.Release|Any CPU.Build.0 = Release|Any CPU
		{1C74B31D-BB35-4CC1-8828-6E02ED9B7924}.Debug|Any CPU.ActiveCfg = Debug|Any CPU
		{1C74B31D-BB35-4CC1-8828-6E02ED9B7924}.Release|Any CPU.ActiveCfg = Release|Any CPU
		{1C74B31D-BB35-4CC1-8828-6E02ED9B7924}.Release|Any CPU.Build.0 = Release|Any CPU
		{1EC6EA37-BB5D-4379-83CE-A599773AEC8B}.Debug|Any CPU.ActiveCfg = Debug|Any CPU
		{1EC6EA37-BB5D-4379-83CE-A599773AEC8B}.Release|Any CPU.ActiveCfg = Release|Any CPU
		{1EC6EA37-BB5D-4379-83CE-A599773AEC8B}.Release|Any CPU.Build.0 = Release|Any CPU
		{3E591F47-88CB-4628-9984-F6612E98CC36}.Debug|Any CPU.ActiveCfg = Debug|Any CPU
		{3E591F47-88CB-4628-9984-F6612E98CC36}.Release|Any CPU.ActiveCfg = Release|Any CPU
		{3E591F47-88CB-4628-9984-F6612E98CC36}.Release|Any CPU.Build.0 = Release|Any CPU
		{CFC9B481-B0C1-4D9B-98E1-8FE9C2E536FC}.Debug|Any CPU.ActiveCfg = Debug|Any CPU
		{CFC9B481-B0C1-4D9B-98E1-8FE9C2E536FC}.Release|Any CPU.ActiveCfg = Release|Any CPU
		{CFC9B481-B0C1-4D9B-98E1-8FE9C2E536FC}.Release|Any CPU.Build.0 = Release|Any CPU
		{7B29AE25-6175-4456-9483-3EB41272D955}.Debug|Any CPU.ActiveCfg = Debug|Any CPU
		{7B29AE25-6175-4456-9483-3EB41272D955}.Release|Any CPU.ActiveCfg = Release|Any CPU
		{7B29AE25-6175-4456-9483-3EB41272D955}.Release|Any CPU.Build.0 = Release|Any CPU
		{E374AF86-D4EC-49C7-B25F-D2922BC2D9BC}.Debug|Any CPU.ActiveCfg = Debug|Any CPU
		{E374AF86-D4EC-49C7-B25F-D2922BC2D9BC}.Release|Any CPU.ActiveCfg = Release|Any CPU
		{E374AF86-D4EC-49C7-B25F-D2922BC2D9BC}.Release|Any CPU.Build.0 = Release|Any CPU
		{6DC6DE53-3014-4C19-8BEA-BD50AF88F203}.Debug|Any CPU.ActiveCfg = Debug|Any CPU
		{6DC6DE53-3014-4C19-8BEA-BD50AF88F203}.Release|Any CPU.ActiveCfg = Release|Any CPU
		{6DC6DE53-3014-4C19-8BEA-BD50AF88F203}.Release|Any CPU.Build.0 = Release|Any CPU
		{80AF7C7D-03C1-4FD1-9959-3E0DEB9DF1FF}.Debug|Any CPU.ActiveCfg = Debug|Any CPU
		{80AF7C7D-03C1-4FD1-9959-3E0DEB9DF1FF}.Release|Any CPU.ActiveCfg = Release|Any CPU
		{80AF7C7D-03C1-4FD1-9959-3E0DEB9DF1FF}.Release|Any CPU.Build.0 = Release|Any CPU
		{AF87B195-D563-4FF3-8DE7-380732C82738}.Debug|Any CPU.ActiveCfg = Debug|Any CPU
		{AF87B195-D563-4FF3-8DE7-380732C82738}.Release|Any CPU.ActiveCfg = Release|Any CPU
		{AF87B195-D563-4FF3-8DE7-380732C82738}.Release|Any CPU.Build.0 = Release|Any CPU
		{0ADA6510-08AE-4A4F-B52D-BBF48FB8E217}.Debug|Any CPU.ActiveCfg = Debug|Any CPU
		{0ADA6510-08AE-4A4F-B52D-BBF48FB8E217}.Release|Any CPU.ActiveCfg = Release|Any CPU
		{0ADA6510-08AE-4A4F-B52D-BBF48FB8E217}.Release|Any CPU.Build.0 = Release|Any CPU
		{362EAC7C-CA04-4AC6-A1C0-560BCEC51B3E}.Debug|Any CPU.ActiveCfg = Debug|Any CPU
		{362EAC7C-CA04-4AC6-A1C0-560BCEC51B3E}.Release|Any CPU.ActiveCfg = Release|Any CPU
		{362EAC7C-CA04-4AC6-A1C0-560BCEC51B3E}.Release|Any CPU.Build.0 = Release|Any CPU
		{1EC7F8D4-2342-46CC-AC8A-B5E5559D4B68}.Debug|Any CPU.ActiveCfg = Debug|Any CPU
		{1EC7F8D4-2342-46CC-AC8A-B5E5559D4B68}.Release|Any CPU.ActiveCfg = Release|Any CPU
		{1EC7F8D4-2342-46CC-AC8A-B5E5559D4B68}.Release|Any CPU.Build.0 = Release|Any CPU
		{4394DDA4-EEDB-4300-AD96-F297AC02B231}.Debug|Any CPU.ActiveCfg = Debug|Any CPU
		{4394DDA4-EEDB-4300-AD96-F297AC02B231}.Release|Any CPU.ActiveCfg = Release|Any CPU
		{4394DDA4-EEDB-4300-AD96-F297AC02B231}.Release|Any CPU.Build.0 = Release|Any CPU
		{A5CDC72A-860B-4611-B32F-FE03828AF13D}.Debug|Any CPU.ActiveCfg = Debug|Any CPU
		{A5CDC72A-860B-4611-B32F-FE03828AF13D}.Release|Any CPU.ActiveCfg = Release|Any CPU
		{A5CDC72A-860B-4611-B32F-FE03828AF13D}.Release|Any CPU.Build.0 = Release|Any CPU
		{A58ACCFC-B5B6-4F7F-A5BA-4FB8FD45CBC7}.Debug|Any CPU.ActiveCfg = Debug|Any CPU
		{A58ACCFC-B5B6-4F7F-A5BA-4FB8FD45CBC7}.Release|Any CPU.ActiveCfg = Release|Any CPU
		{A58ACCFC-B5B6-4F7F-A5BA-4FB8FD45CBC7}.Release|Any CPU.Build.0 = Release|Any CPU
		{85738D2E-F06B-4093-B501-8F747139CF7D}.Debug|Any CPU.ActiveCfg = Debug|Any CPU
		{85738D2E-F06B-4093-B501-8F747139CF7D}.Release|Any CPU.ActiveCfg = Release|Any CPU
		{85738D2E-F06B-4093-B501-8F747139CF7D}.Release|Any CPU.Build.0 = Release|Any CPU
		{C98282C7-0C16-4D70-AAEE-BFD62B816199}.Debug|Any CPU.ActiveCfg = Debug|Any CPU
		{C98282C7-0C16-4D70-AAEE-BFD62B816199}.Release|Any CPU.ActiveCfg = Release|Any CPU
		{C98282C7-0C16-4D70-AAEE-BFD62B816199}.Release|Any CPU.Build.0 = Release|Any CPU
		{63F6C218-0D68-49E8-96D9-2FD860325619}.Debug|Any CPU.ActiveCfg = Debug|Any CPU
		{63F6C218-0D68-49E8-96D9-2FD860325619}.Debug|Any CPU.Build.0 = Debug|Any CPU
		{63F6C218-0D68-49E8-96D9-2FD860325619}.Release|Any CPU.ActiveCfg = Release|Any CPU
		{63F6C218-0D68-49E8-96D9-2FD860325619}.Release|Any CPU.Build.0 = Release|Any CPU
		{EAE1A235-8E6E-40E3-8F60-BD212974F8EA}.Debug|Any CPU.ActiveCfg = Debug|Any CPU
		{EAE1A235-8E6E-40E3-8F60-BD212974F8EA}.Debug|Any CPU.Build.0 = Debug|Any CPU
		{EAE1A235-8E6E-40E3-8F60-BD212974F8EA}.Release|Any CPU.ActiveCfg = Release|Any CPU
		{EAE1A235-8E6E-40E3-8F60-BD212974F8EA}.Release|Any CPU.Build.0 = Release|Any CPU
		{465B7A98-1B1A-4BEB-AC55-6114B69A5BA2}.Debug|Any CPU.ActiveCfg = Debug|Any CPU
		{465B7A98-1B1A-4BEB-AC55-6114B69A5BA2}.Debug|Any CPU.Build.0 = Debug|Any CPU
		{465B7A98-1B1A-4BEB-AC55-6114B69A5BA2}.Release|Any CPU.ActiveCfg = Release|Any CPU
		{465B7A98-1B1A-4BEB-AC55-6114B69A5BA2}.Release|Any CPU.Build.0 = Release|Any CPU
		{A2ADE471-847E-4F19-B575-A3CDABD53632}.Debug|Any CPU.ActiveCfg = Debug|Any CPU
		{A2ADE471-847E-4F19-B575-A3CDABD53632}.Debug|Any CPU.Build.0 = Debug|Any CPU
		{A2ADE471-847E-4F19-B575-A3CDABD53632}.Release|Any CPU.ActiveCfg = Release|Any CPU
		{A2ADE471-847E-4F19-B575-A3CDABD53632}.Release|Any CPU.Build.0 = Release|Any CPU
		{D69341D4-C85F-46FC-A411-BF80E9ABD0D5}.Debug|Any CPU.ActiveCfg = Debug|Any CPU
		{D69341D4-C85F-46FC-A411-BF80E9ABD0D5}.Debug|Any CPU.Build.0 = Debug|Any CPU
		{D69341D4-C85F-46FC-A411-BF80E9ABD0D5}.Release|Any CPU.ActiveCfg = Release|Any CPU
		{D69341D4-C85F-46FC-A411-BF80E9ABD0D5}.Release|Any CPU.Build.0 = Release|Any CPU
		{57177125-3055-4B72-A471-6674D0D1AB0B}.Debug|Any CPU.ActiveCfg = Debug|Any CPU
		{57177125-3055-4B72-A471-6674D0D1AB0B}.Debug|Any CPU.Build.0 = Debug|Any CPU
		{57177125-3055-4B72-A471-6674D0D1AB0B}.Release|Any CPU.ActiveCfg = Release|Any CPU
		{57177125-3055-4B72-A471-6674D0D1AB0B}.Release|Any CPU.Build.0 = Release|Any CPU
		{82A0140B-F580-4020-BC2A-EDE002B3B291}.Debug|Any CPU.ActiveCfg = Debug|Any CPU
		{82A0140B-F580-4020-BC2A-EDE002B3B291}.Debug|Any CPU.Build.0 = Debug|Any CPU
		{82A0140B-F580-4020-BC2A-EDE002B3B291}.Release|Any CPU.ActiveCfg = Release|Any CPU
		{82A0140B-F580-4020-BC2A-EDE002B3B291}.Release|Any CPU.Build.0 = Release|Any CPU
		{C36ED49E-E7AF-467D-8F35-DA1FFA8020C7}.Debug|Any CPU.ActiveCfg = Debug|Any CPU
		{C36ED49E-E7AF-467D-8F35-DA1FFA8020C7}.Debug|Any CPU.Build.0 = Debug|Any CPU
		{C36ED49E-E7AF-467D-8F35-DA1FFA8020C7}.Release|Any CPU.ActiveCfg = Release|Any CPU
		{C36ED49E-E7AF-467D-8F35-DA1FFA8020C7}.Release|Any CPU.Build.0 = Release|Any CPU
		{7EB3B481-4387-4644-B323-4F3B4499F9B4}.Debug|Any CPU.ActiveCfg = Debug|Any CPU
		{7EB3B481-4387-4644-B323-4F3B4499F9B4}.Debug|Any CPU.Build.0 = Debug|Any CPU
		{7EB3B481-4387-4644-B323-4F3B4499F9B4}.Release|Any CPU.ActiveCfg = Release|Any CPU
		{7EB3B481-4387-4644-B323-4F3B4499F9B4}.Release|Any CPU.Build.0 = Release|Any CPU
		{E00714BB-E05E-4E85-A534-BDC44D3AFFEC}.Debug|Any CPU.ActiveCfg = Debug|Any CPU
		{E00714BB-E05E-4E85-A534-BDC44D3AFFEC}.Debug|Any CPU.Build.0 = Debug|Any CPU
		{E00714BB-E05E-4E85-A534-BDC44D3AFFEC}.Release|Any CPU.ActiveCfg = Release|Any CPU
		{E00714BB-E05E-4E85-A534-BDC44D3AFFEC}.Release|Any CPU.Build.0 = Release|Any CPU
		{3E8BF0D4-924C-4C12-AF20-08472B86F0BD}.Debug|Any CPU.ActiveCfg = Debug|Any CPU
		{3E8BF0D4-924C-4C12-AF20-08472B86F0BD}.Debug|Any CPU.Build.0 = Debug|Any CPU
		{3E8BF0D4-924C-4C12-AF20-08472B86F0BD}.Release|Any CPU.ActiveCfg = Release|Any CPU
		{3E8BF0D4-924C-4C12-AF20-08472B86F0BD}.Release|Any CPU.Build.0 = Release|Any CPU
		{83DB86EC-C94E-4901-8A25-E22CB766200D}.Debug|Any CPU.ActiveCfg = Debug|Any CPU
		{83DB86EC-C94E-4901-8A25-E22CB766200D}.Debug|Any CPU.Build.0 = Debug|Any CPU
		{83DB86EC-C94E-4901-8A25-E22CB766200D}.Release|Any CPU.ActiveCfg = Release|Any CPU
		{83DB86EC-C94E-4901-8A25-E22CB766200D}.Release|Any CPU.Build.0 = Release|Any CPU
		{7D927932-5504-4082-92ED-123AC5E86FF0}.Debug|Any CPU.ActiveCfg = Debug|Any CPU
		{7D927932-5504-4082-92ED-123AC5E86FF0}.Debug|Any CPU.Build.0 = Debug|Any CPU
		{7D927932-5504-4082-92ED-123AC5E86FF0}.Release|Any CPU.ActiveCfg = Release|Any CPU
		{7D927932-5504-4082-92ED-123AC5E86FF0}.Release|Any CPU.Build.0 = Release|Any CPU
		{2BDEA833-2EE0-4C8F-B4BD-07D2585C32F3}.Debug|Any CPU.ActiveCfg = Debug|Any CPU
		{2BDEA833-2EE0-4C8F-B4BD-07D2585C32F3}.Debug|Any CPU.Build.0 = Debug|Any CPU
		{2BDEA833-2EE0-4C8F-B4BD-07D2585C32F3}.Release|Any CPU.ActiveCfg = Release|Any CPU
		{2BDEA833-2EE0-4C8F-B4BD-07D2585C32F3}.Release|Any CPU.Build.0 = Release|Any CPU
		{76345646-D0F4-4A9F-9A75-2371F13889FE}.Debug|Any CPU.ActiveCfg = Debug|Any CPU
		{76345646-D0F4-4A9F-9A75-2371F13889FE}.Debug|Any CPU.Build.0 = Debug|Any CPU
		{76345646-D0F4-4A9F-9A75-2371F13889FE}.Release|Any CPU.ActiveCfg = Release|Any CPU
		{76345646-D0F4-4A9F-9A75-2371F13889FE}.Release|Any CPU.Build.0 = Release|Any CPU
		{78F933CC-D2FA-4FDF-B3E3-B1CF698A301A}.Debug|Any CPU.ActiveCfg = Debug|Any CPU
		{78F933CC-D2FA-4FDF-B3E3-B1CF698A301A}.Debug|Any CPU.Build.0 = Debug|Any CPU
		{78F933CC-D2FA-4FDF-B3E3-B1CF698A301A}.Release|Any CPU.ActiveCfg = Release|Any CPU
		{78F933CC-D2FA-4FDF-B3E3-B1CF698A301A}.Release|Any CPU.Build.0 = Release|Any CPU
		{DCB32BA6-B631-43E5-8553-C190B0436F54}.Debug|Any CPU.ActiveCfg = Debug|Any CPU
		{DCB32BA6-B631-43E5-8553-C190B0436F54}.Debug|Any CPU.Build.0 = Debug|Any CPU
		{DCB32BA6-B631-43E5-8553-C190B0436F54}.Release|Any CPU.ActiveCfg = Release|Any CPU
		{DCB32BA6-B631-43E5-8553-C190B0436F54}.Release|Any CPU.Build.0 = Release|Any CPU
		{AC92AF4A-5B8D-4B7D-B515-FA4D93F29AF6}.Debug|Any CPU.ActiveCfg = Debug|Any CPU
		{AC92AF4A-5B8D-4B7D-B515-FA4D93F29AF6}.Debug|Any CPU.Build.0 = Debug|Any CPU
		{AC92AF4A-5B8D-4B7D-B515-FA4D93F29AF6}.Release|Any CPU.ActiveCfg = Release|Any CPU
		{AC92AF4A-5B8D-4B7D-B515-FA4D93F29AF6}.Release|Any CPU.Build.0 = Release|Any CPU
		{7A76FA05-BEF6-4405-9713-5D507D3A0351}.Debug|Any CPU.ActiveCfg = Debug|Any CPU
		{7A76FA05-BEF6-4405-9713-5D507D3A0351}.Debug|Any CPU.Build.0 = Debug|Any CPU
		{7A76FA05-BEF6-4405-9713-5D507D3A0351}.Release|Any CPU.ActiveCfg = Release|Any CPU
		{7A76FA05-BEF6-4405-9713-5D507D3A0351}.Release|Any CPU.Build.0 = Release|Any CPU
		{F95510D0-1F89-4586-AEA0-806B57BA1F3C}.Debug|Any CPU.ActiveCfg = Debug|Any CPU
		{F95510D0-1F89-4586-AEA0-806B57BA1F3C}.Debug|Any CPU.Build.0 = Debug|Any CPU
		{F95510D0-1F89-4586-AEA0-806B57BA1F3C}.Release|Any CPU.ActiveCfg = Release|Any CPU
		{F95510D0-1F89-4586-AEA0-806B57BA1F3C}.Release|Any CPU.Build.0 = Release|Any CPU
		{8B417018-54C3-42AE-99E9-C6C56EA57A50}.Debug|Any CPU.ActiveCfg = Debug|Any CPU
		{8B417018-54C3-42AE-99E9-C6C56EA57A50}.Debug|Any CPU.Build.0 = Debug|Any CPU
		{8B417018-54C3-42AE-99E9-C6C56EA57A50}.Release|Any CPU.ActiveCfg = Release|Any CPU
		{8B417018-54C3-42AE-99E9-C6C56EA57A50}.Release|Any CPU.Build.0 = Release|Any CPU
		{839F7A1C-4F83-479A-B37E-64CEDCA4D621}.Debug|Any CPU.ActiveCfg = Debug|Any CPU
		{839F7A1C-4F83-479A-B37E-64CEDCA4D621}.Debug|Any CPU.Build.0 = Debug|Any CPU
		{839F7A1C-4F83-479A-B37E-64CEDCA4D621}.Release|Any CPU.ActiveCfg = Release|Any CPU
		{839F7A1C-4F83-479A-B37E-64CEDCA4D621}.Release|Any CPU.Build.0 = Release|Any CPU
		{7C94C4B2-00D5-4A51-838C-27104E3368EB}.Debug|Any CPU.ActiveCfg = Debug|Any CPU
		{7C94C4B2-00D5-4A51-838C-27104E3368EB}.Debug|Any CPU.Build.0 = Debug|Any CPU
		{7C94C4B2-00D5-4A51-838C-27104E3368EB}.Release|Any CPU.ActiveCfg = Release|Any CPU
		{7C94C4B2-00D5-4A51-838C-27104E3368EB}.Release|Any CPU.Build.0 = Release|Any CPU
		{777981B4-9323-49FD-8B15-DBB077510481}.Debug|Any CPU.ActiveCfg = Debug|Any CPU
		{777981B4-9323-49FD-8B15-DBB077510481}.Debug|Any CPU.Build.0 = Debug|Any CPU
		{777981B4-9323-49FD-8B15-DBB077510481}.Release|Any CPU.ActiveCfg = Release|Any CPU
		{777981B4-9323-49FD-8B15-DBB077510481}.Release|Any CPU.Build.0 = Release|Any CPU
		{172EBFE8-2A00-45F5-90C8-6F1D6FB384AC}.Debug|Any CPU.ActiveCfg = Debug|Any CPU
		{172EBFE8-2A00-45F5-90C8-6F1D6FB384AC}.Debug|Any CPU.Build.0 = Debug|Any CPU
		{172EBFE8-2A00-45F5-90C8-6F1D6FB384AC}.Release|Any CPU.ActiveCfg = Release|Any CPU
		{172EBFE8-2A00-45F5-90C8-6F1D6FB384AC}.Release|Any CPU.Build.0 = Release|Any CPU
	EndGlobalSection
	GlobalSection(SolutionProperties) = preSolution
		HideSolutionNode = FALSE
	EndGlobalSection
	GlobalSection(NestedProjects) = preSolution
		{D93B699A-69CA-4CD8-96B5-0FAB2BE65902} = {9B9D6786-CF1E-44F7-8FE6-1BD7D0B7F1B1}
		{85738D2E-F06B-4093-B501-8F747139CF7D} = {9B9D6786-CF1E-44F7-8FE6-1BD7D0B7F1B1}
		{FBA2EB3C-7186-4773-BC77-B645E4BB67CE} = {9B9D6786-CF1E-44F7-8FE6-1BD7D0B7F1B1}
		{A58ACCFC-B5B6-4F7F-A5BA-4FB8FD45CBC7} = {3D1559F9-50FC-4675-AD8A-6A435B73F1BF}
		{7CABDA49-6F15-4340-A5CE-5DF2B8EB8D77} = {526BCCE5-C215-44EE-B591-76F8839B404B}
		{1C74B31D-BB35-4CC1-8828-6E02ED9B7924} = {526BCCE5-C215-44EE-B591-76F8839B404B}
		{6DC6DE53-3014-4C19-8BEA-BD50AF88F203} = {526BCCE5-C215-44EE-B591-76F8839B404B}
		{1EC7F8D4-2342-46CC-AC8A-B5E5559D4B68} = {526BCCE5-C215-44EE-B591-76F8839B404B}
		{84106D49-916E-4504-BA90-DEB7739343B9} = {526BCCE5-C215-44EE-B591-76F8839B404B}
		{75F23001-47E7-4DC9-9ADA-041A3EE0B056} = {EB9C89F9-2D93-4B2A-B9F6-57407FF553C6}
		{FD0F01E9-D8AB-4FF2-93C1-990B4E5CB6C4} = {EB9C89F9-2D93-4B2A-B9F6-57407FF553C6}
		{7152FF50-1BA9-43C1-B931-1A8B4827B6A7} = {7D5A235E-2AE7-46FB-9BE6-33973DF13FBF}
		{1EC6EA37-BB5D-4379-83CE-A599773AEC8B} = {68CC4FB0-8B7D-476F-825C-943D47B723D0}
		{E374AF86-D4EC-49C7-B25F-D2922BC2D9BC} = {68CC4FB0-8B7D-476F-825C-943D47B723D0}
		{9ED46429-6070-4D31-B74F-4A1AD65096DD} = {68CC4FB0-8B7D-476F-825C-943D47B723D0}
		{57177125-3055-4B72-A471-6674D0D1AB0B} = {68CC4FB0-8B7D-476F-825C-943D47B723D0}
		{73FBF48E-FC7C-43E9-95B9-AD89289C486C} = {8E996AA3-DAF3-4F75-98F4-712691DC899A}
		{7384F9E1-87D6-42BB-9490-FF6C69FB9B87} = {8E996AA3-DAF3-4F75-98F4-712691DC899A}
		{CFC9B481-B0C1-4D9B-98E1-8FE9C2E536FC} = {8E996AA3-DAF3-4F75-98F4-712691DC899A}
		{7B29AE25-6175-4456-9483-3EB41272D955} = {8E996AA3-DAF3-4F75-98F4-712691DC899A}
		{80AF7C7D-03C1-4FD1-9959-3E0DEB9DF1FF} = {8E996AA3-DAF3-4F75-98F4-712691DC899A}
		{E7E99320-41EB-48D6-93CB-FA01352E9E5C} = {8E996AA3-DAF3-4F75-98F4-712691DC899A}
		{0ADA6510-08AE-4A4F-B52D-BBF48FB8E217} = {36552EE6-3A86-4D3E-AB29-9C43BE143496}
		{362EAC7C-CA04-4AC6-A1C0-560BCEC51B3E} = {36552EE6-3A86-4D3E-AB29-9C43BE143496}
		{C98282C7-0C16-4D70-AAEE-BFD62B816199} = {36552EE6-3A86-4D3E-AB29-9C43BE143496}
		{3E591F47-88CB-4628-9984-F6612E98CC36} = {36552EE6-3A86-4D3E-AB29-9C43BE143496}
		{AF87B195-D563-4FF3-8DE7-380732C82738} = {DF975682-A3DB-4937-A776-F57536997E14}
		{A5CDC72A-860B-4611-B32F-FE03828AF13D} = {0CB90B4D-604F-4A32-BD19-7FA4AA2CAB4B}
		{4394DDA4-EEDB-4300-AD96-F297AC02B231} = {0CB90B4D-604F-4A32-BD19-7FA4AA2CAB4B}
		{63F6C218-0D68-49E8-96D9-2FD860325619} = {8F6951D2-3A27-4BE8-8DE5-787667C2D6D5}
		{EAE1A235-8E6E-40E3-8F60-BD212974F8EA} = {8F6951D2-3A27-4BE8-8DE5-787667C2D6D5}
		{2BDEA833-2EE0-4C8F-B4BD-07D2585C32F3} = {8F6951D2-3A27-4BE8-8DE5-787667C2D6D5}
		{7EB3B481-4387-4644-B323-4F3B4499F9B4} = {4A783738-5A46-4137-9D26-44960B9701AF}
		{E00714BB-E05E-4E85-A534-BDC44D3AFFEC} = {4A783738-5A46-4137-9D26-44960B9701AF}
		{3E8BF0D4-924C-4C12-AF20-08472B86F0BD} = {4A783738-5A46-4137-9D26-44960B9701AF}
		{83DB86EC-C94E-4901-8A25-E22CB766200D} = {4A783738-5A46-4137-9D26-44960B9701AF}
		{7D927932-5504-4082-92ED-123AC5E86FF0} = {4A783738-5A46-4137-9D26-44960B9701AF}
		{7C94C4B2-00D5-4A51-838C-27104E3368EB} = {4A783738-5A46-4137-9D26-44960B9701AF}
		{777981B4-9323-49FD-8B15-DBB077510481} = {4A783738-5A46-4137-9D26-44960B9701AF}
		{F95510D0-1F89-4586-AEA0-806B57BA1F3C} = {6CB75AB2-A39A-4672-B517-AABB56AFD5C4}
		{8B417018-54C3-42AE-99E9-C6C56EA57A50} = {6CB75AB2-A39A-4672-B517-AABB56AFD5C4}
		{A2ADE471-847E-4F19-B575-A3CDABD53632} = {150F2380-4CDD-420B-A5C7-C1B537A5642F}
		{465B7A98-1B1A-4BEB-AC55-6114B69A5BA2} = {150F2380-4CDD-420B-A5C7-C1B537A5642F}
		{D69341D4-C85F-46FC-A411-BF80E9ABD0D5} = {150F2380-4CDD-420B-A5C7-C1B537A5642F}
		{82A0140B-F580-4020-BC2A-EDE002B3B291} = {150F2380-4CDD-420B-A5C7-C1B537A5642F}
		{C36ED49E-E7AF-467D-8F35-DA1FFA8020C7} = {38A26CC0-2CD2-423F-B9A1-CE8145B84695}
		{7A76FA05-BEF6-4405-9713-5D507D3A0351} = {38A26CC0-2CD2-423F-B9A1-CE8145B84695}
		{839F7A1C-4F83-479A-B37E-64CEDCA4D621} = {38A26CC0-2CD2-423F-B9A1-CE8145B84695}
		{78F933CC-D2FA-4FDF-B3E3-B1CF698A301A} = {449AEE1F-0277-4601-806E-0BE500C0B4F4}
		{DCB32BA6-B631-43E5-8553-C190B0436F54} = {449AEE1F-0277-4601-806E-0BE500C0B4F4}
		{76345646-D0F4-4A9F-9A75-2371F13889FE} = {AD92DCCB-7AB2-4AF5-99E4-D0B75ED96ED6}
		{AC92AF4A-5B8D-4B7D-B515-FA4D93F29AF6} = {08C7AF31-953D-45E8-B4BF-13E52B4662F2}
		{172EBFE8-2A00-45F5-90C8-6F1D6FB384AC} = {EBF08061-FF4D-4D1C-AEB8-57EC28EE77D2}
	EndGlobalSection
EndGlobal
