
Microsoft Visual Studio Solution File, Format Version 11.00
# Visual Studio 2010
Project("{2150E333-8FDC-42A3-9474-1A3956D46DE8}") = ".nuget", ".nuget", "{EAC958D9-3820-4A62-9076-B7825B4B5646}"
	ProjectSection(SolutionItems) = preProject
		.nuget\NuGet.Config = .nuget\NuGet.Config
		.nuget\nuget.exe = .nuget\nuget.exe
		.nuget\NuGet.targets = .nuget\NuGet.targets
	EndProjectSection
EndProject
Project("{FAE04EC0-301F-11D3-BF4B-00C04F79EFBC}") = "Scaffeine", "Scaffeine\Scaffeine.csproj", "{4394DDA4-EEDB-4300-AD96-F297AC02B231}"
EndProject
Project("{FAE04EC0-301F-11D3-BF4B-00C04F79EFBC}") = "Scaffeine.CRM", "Scaffeine.CRM\Scaffeine.CRM.csproj", "{F352B19A-8CA0-4DEB-9C3B-AA2AD0EC464D}"
EndProject
Project("{FAE04EC0-301F-11D3-BF4B-00C04F79EFBC}") = "Scaffeine.Payments", "Scaffeine.Payments\Scaffeine.Payments.csproj", "{FBA2EB3C-7186-4773-BC77-B645E4BB67CE}"
EndProject
Project("{FAE04EC0-301F-11D3-BF4B-00C04F79EFBC}") = "Scaffeine.Payments.AuthNet", "Scaffeine.AuthNet\Scaffeine.Payments.AuthNet.csproj", "{85738D2E-F06B-4093-B501-8F747139CF7D}"
EndProject
Project("{FAE04EC0-301F-11D3-BF4B-00C04F79EFBC}") = "Scaffeine.Payments.PayPal", "Scaffeine.Payments.PayPal\Scaffeine.Payments.PayPal.csproj", "{D93B699A-69CA-4CD8-96B5-0FAB2BE65902}"
EndProject
Project("{FAE04EC0-301F-11D3-BF4B-00C04F79EFBC}") = "Scaffeine.Promotions", "Scaffeine.Promotions\Scaffeine.Promotions.csproj", "{78F933CC-D2FA-4FDF-B3E3-B1CF698A301A}"
EndProject
Project("{FAE04EC0-301F-11D3-BF4B-00C04F79EFBC}") = "Scaffeine.ProductLocator", "Scaffeine.ProductLocator\Scaffeine.ProductLocator.csproj", "{6536600E-4A67-4DF9-98BE-2F42FE4DA299}"
EndProject
Project("{FAE04EC0-301F-11D3-BF4B-00C04F79EFBC}") = "Scaffeine.ProductLocator.Amazon", "Scaffeine.ProductLocator.Amazon\Scaffeine.ProductLocator.Amazon.csproj", "{5A4BEE7C-7D5D-4DEC-B18D-27A8D4F63503}"
EndProject
Project("{FAE04EC0-301F-11D3-BF4B-00C04F79EFBC}") = "Scaffeine.Subscriptions", "Scaffeine.Subscriptions\Scaffeine.Subscriptions.csproj", "{84106D49-916E-4504-BA90-DEB7739343B9}"
EndProject
Project("{FAE04EC0-301F-11D3-BF4B-00C04F79EFBC}") = "Scaffeine.Subscriptions.Recurly", "Scaffeine.Subscriptions.Recurly\Scaffeine.Subscriptions.Recurly.csproj", "{7CABDA49-6F15-4340-A5CE-5DF2B8EB8D77}"
EndProject
Project("{FAE04EC0-301F-11D3-BF4B-00C04F79EFBC}") = "Scaffeine.Inbox", "Scaffeine.Inbox\Scaffeine.Inbox.csproj", "{84A1D870-20D6-4829-82B7-CB59896AA941}"
EndProject
Project("{FAE04EC0-301F-11D3-BF4B-00C04F79EFBC}") = "Scaffeine.MLM", "Scaffeine.MLM\Scaffeine.MLM.csproj", "{57177125-3055-4B72-A471-6674D0D1AB0B}"
EndProject
Project("{FAE04EC0-301F-11D3-BF4B-00C04F79EFBC}") = "Scaffeine.Friends", "Scaffeine.Friends\Scaffeine.Friends.csproj", "{1F72E522-0D4C-45C0-8003-0AAF30DB111F}"
EndProject
Project("{FAE04EC0-301F-11D3-BF4B-00C04F79EFBC}") = "Scaffeine.Profiles", "Scaffeine.Profiles\Scaffeine.Profiles.csproj", "{B611ACE2-5B64-4C41-9AA3-9DCBAC8A2766}"
EndProject
Project("{FAE04EC0-301F-11D3-BF4B-00C04F79EFBC}") = "Scaffeine.Catalog", "Scaffeine.Catalog\Scaffeine.Catalog.csproj", "{DF99EBAF-9243-4D96-B094-3CBB9B842282}"
EndProject
Project("{FAE04EC0-301F-11D3-BF4B-00C04F79EFBC}") = "Scaffeine.Facebook", "Scaffeine.Facebook\Scaffeine.Facebook.csproj", "{FD0F01E9-D8AB-4FF2-93C1-990B4E5CB6C4}"
EndProject
Project("{FAE04EC0-301F-11D3-BF4B-00C04F79EFBC}") = "Scaffeine.Notifications", "Scaffeine.Notifications\Scaffeine.Notifications.csproj", "{7152FF50-1BA9-43C1-B931-1A8B4827B6A7}"
EndProject
Project("{FAE04EC0-301F-11D3-BF4B-00C04F79EFBC}") = "Scaffeine.Levels", "Scaffeine.Levels\Scaffeine.Levels.csproj", "{2890F91B-F398-481B-AEB3-8B44F9C3A4FE}"
EndProject
Project("{FAE04EC0-301F-11D3-BF4B-00C04F79EFBC}") = "Scaffeine.Integrations", "Scaffeine.Integrations\Scaffeine.Integrations.csproj", "{75F23001-47E7-4DC9-9ADA-041A3EE0B056}"
EndProject
Project("{FAE04EC0-301F-11D3-BF4B-00C04F79EFBC}") = "Scaffeine.Commerce", "Scaffeine.Commerce\Scaffeine.Commerce.csproj", "{AAF63586-59D3-4CAF-A8D5-837DC7212897}"
EndProject
Project("{FAE04EC0-301F-11D3-BF4B-00C04F79EFBC}") = "Scaffeine.RoleManager", "Scaffeine.RoleManager\Scaffeine.RoleManager.csproj", "{E8DBE8E7-EF2C-4F45-BE62-EA5F9D636183}"
EndProject
Project("{FAE04EC0-301F-11D3-BF4B-00C04F79EFBC}") = "Scaffeine.Organizations", "Scaffeine.Organizations\Scaffeine.Organizations.csproj", "{9ED46429-6070-4D31-B74F-4A1AD65096DD}"
EndProject
Project("{FAE04EC0-301F-11D3-BF4B-00C04F79EFBC}") = "Scaffeine.Photos", "Scaffeine.Photos\Scaffeine.Photos.csproj", "{E7E99320-41EB-48D6-93CB-FA01352E9E5C}"
EndProject
Project("{FAE04EC0-301F-11D3-BF4B-00C04F79EFBC}") = "Scaffeine.Photos.FileSystem", "Scaffeine.Photos.FileSystem\Scaffeine.Photos.FileSystem.csproj", "{73FBF48E-FC7C-43E9-95B9-AD89289C486C}"
EndProject
Project("{FAE04EC0-301F-11D3-BF4B-00C04F79EFBC}") = "Scaffeine.Photos.Test", "Scaffeine.Photos.Test\Scaffeine.Photos.Test.csproj", "{7384F9E1-87D6-42BB-9490-FF6C69FB9B87}"
EndProject
Project("{FAE04EC0-301F-11D3-BF4B-00C04F79EFBC}") = "Scaffeine.Subscriptions.Recurly.UnitTests", "Scaffeine.Subscriptions.Recurly.UnitTests\Scaffeine.Subscriptions.Recurly.UnitTests.csproj", "{1C74B31D-BB35-4CC1-8828-6E02ED9B7924}"
EndProject
Project("{FAE04EC0-301F-11D3-BF4B-00C04F79EFBC}") = "Scaffeine.Organizations.Manager", "Scaffeine.Organizations.Manager\Scaffeine.Organizations.Manager.csproj", "{1EC6EA37-BB5D-4379-83CE-A599773AEC8B}"
EndProject
Project("{FAE04EC0-301F-11D3-BF4B-00C04F79EFBC}") = "Scaffeine.Blogs", "Scaffeine.Blogs\Scaffeine.Blogs.csproj", "{E6D2A574-0B69-401E-9D51-62A7AB7D34C4}"
EndProject
Project("{FAE04EC0-301F-11D3-BF4B-00C04F79EFBC}") = "Scaffeine.Shipping.USPS", "Scaffeine.Shipping.USPS\Scaffeine.Shipping.USPS.csproj", "{3E591F47-88CB-4628-9984-F6612E98CC36}"
EndProject
Project("{FAE04EC0-301F-11D3-BF4B-00C04F79EFBC}") = "Scaffeine.Photos.AmazonS3", "Scaffeine.Photos.AmazonS3\Scaffeine.Photos.AmazonS3.csproj", "{CFC9B481-B0C1-4D9B-98E1-8FE9C2E536FC}"
EndProject
Project("{FAE04EC0-301F-11D3-BF4B-00C04F79EFBC}") = "Scaffeine.Photos.Database", "Scaffeine.Photos.Database\Scaffeine.Photos.Database.csproj", "{7B29AE25-6175-4456-9483-3EB41272D955}"
EndProject
Project("{FAE04EC0-301F-11D3-BF4B-00C04F79EFBC}") = "Scaffeine.Themes", "Scaffeine.Themes\Scaffeine.Themes.csproj", "{E7FBBE41-3CC2-4EFE-9ECA-5795DA866204}"
EndProject
Project("{FAE04EC0-301F-11D3-BF4B-00C04F79EFBC}") = "Scaffeine.Integrations.GoogleApps", "Scaffeine.Integrations.GoogleApps\Scaffeine.Integrations.GoogleApps.csproj", "{01436ABD-1535-4BD9-93AA-40D339ED8DA4}"
EndProject
Project("{FAE04EC0-301F-11D3-BF4B-00C04F79EFBC}") = "Scaffeine.Calendar", "Scaffeine.Calendar\Scaffeine.Calendar.csproj", "{6FB2A00B-C8E2-44A7-B1D4-411CE6628360}"
EndProject
Project("{FAE04EC0-301F-11D3-BF4B-00C04F79EFBC}") = "Scaffeine.LMS", "Scaffeine.LMS\Scaffeine.LMS.csproj", "{0FC1127A-9574-4720-9DD0-85107AAA6436}"
EndProject
Project("{FAE04EC0-301F-11D3-BF4B-00C04F79EFBC}") = "Scaffeine.Organizations.Profiles", "Scaffeine.Organizations.Profiles\Scaffeine.Organizations.Profiles.csproj", "{E374AF86-D4EC-49C7-B25F-D2922BC2D9BC}"
EndProject
Project("{FAE04EC0-301F-11D3-BF4B-00C04F79EFBC}") = "Scaffeine.Search", "Scaffeine.Search\Scaffeine.Search.csproj", "{266C2876-F2F2-4E98-9867-A048186D035B}"
EndProject
Project("{FAE04EC0-301F-11D3-BF4B-00C04F79EFBC}") = "Scaffeine.Subscriptions.AuthNet", "Scaffeine.Subscriptions.AuthNet\Scaffeine.Subscriptions.AuthNet.csproj", "{6DC6DE53-3014-4C19-8BEA-BD50AF88F203}"
EndProject
Project("{FAE04EC0-301F-11D3-BF4B-00C04F79EFBC}") = "Scaffeine.Forums", "Scaffeine.Forums\Scaffeine.Forums.csproj", "{7FB33B91-6B94-4515-9708-B3D671B223B4}"
EndProject
Project("{FAE04EC0-301F-11D3-BF4B-00C04F79EFBC}") = "Scaffeine.Chat", "Scaffeine.Chat\Scaffeine.Chat.csproj", "{62C7F0DA-BAFE-4078-838A-AC10E4D70EC0}"
EndProject
Project("{FAE04EC0-301F-11D3-BF4B-00C04F79EFBC}") = "Scaffeine.Zendesk", "Scaffeine.Zendesk\Scaffeine.Zendesk.csproj", "{46E08871-E2BA-4F3F-B911-FEA734A55F4E}"
EndProject
Project("{FAE04EC0-301F-11D3-BF4B-00C04F79EFBC}") = "Scaffeine.KnowledgeBase", "Scaffeine.KnowledgeBase\Scaffeine.KnowledgeBase.csproj", "{F95B9652-D6F0-4FC3-AD71-99D5A8A91283}"
EndProject
Project("{FAE04EC0-301F-11D3-BF4B-00C04F79EFBC}") = "Scaffeine.Storage", "Scaffeine.Storage\Scaffeine.Storage.csproj", "{80AF7C7D-03C1-4FD1-9959-3E0DEB9DF1FF}"
EndProject
Project("{FAE04EC0-301F-11D3-BF4B-00C04F79EFBC}") = "Scaffeine.Newsletters", "Scaffeine.Newsletters\Scaffeine.Newsletters.csproj", "{F0620436-B530-4D04-AF5F-D82632FB4254}"
EndProject
Project("{FAE04EC0-301F-11D3-BF4B-00C04F79EFBC}") = "Scaffeine.Mail.Gmail", "Scaffeine.Mail.Gmail\Scaffeine.Mail.Gmail.csproj", "{EEE80137-386D-4851-9DF3-3BDB32941ACB}"
EndProject
Project("{FAE04EC0-301F-11D3-BF4B-00C04F79EFBC}") = "Scaffeine.NewRelic", "Scaffeine.NewRelic\Scaffeine.NewRelic.csproj", "{26D274BB-FBD0-4D7C-BF31-231AFC2C2395}"
EndProject
Project("{FAE04EC0-301F-11D3-BF4B-00C04F79EFBC}") = "Scaffeine.TodoLists", "Scaffeine.TodoLists\Scaffeine.TodoLists.csproj", "{AF87B195-D563-4FF3-8DE7-380732C82738}"
EndProject
Project("{FAE04EC0-301F-11D3-BF4B-00C04F79EFBC}") = "Scaffeine.Dashboard", "Scaffeine.Dashboard\Scaffeine.Dashboard.csproj", "{7B62589E-6A22-46D1-8200-D58A10B68C23}"
EndProject
Project("{FAE04EC0-301F-11D3-BF4B-00C04F79EFBC}") = "Scaffeine.System", "Scaffeine.System\Scaffeine.System.csproj", "{C188453B-DE47-4A02-A66A-BD41358D4C07}"
EndProject
Project("{FAE04EC0-301F-11D3-BF4B-00C04F79EFBC}") = "Scaffeine.Admin", "Scaffeine.Admin\Scaffeine.Admin.csproj", "{A5CDC72A-860B-4611-B32F-FE03828AF13D}"
EndProject
Project("{2150E333-8FDC-42A3-9474-1A3956D46DE8}") = "High Priority", "High Priority", "{9DD5D7B0-9749-4685-A28C-D8E68440C834}"
EndProject
Project("{FAE04EC0-301F-11D3-BF4B-00C04F79EFBC}") = "Scaffeine.LearnMore", "Scaffeine.LearnMore\Scaffeine.LearnMore.csproj", "{088270F0-6A38-4FC4-8E62-7CF5814B4E3A}"
EndProject
Project("{FAE04EC0-301F-11D3-BF4B-00C04F79EFBC}") = "Scaffeine.About", "Scaffeine.About\Scaffeine.About.csproj", "{1E8B2BBD-5E7D-49A8-B48A-78F09CBD05C1}"
EndProject
Project("{FAE04EC0-301F-11D3-BF4B-00C04F79EFBC}") = "Scaffeine.ContactUs", "Scaffeine.ContactUs\Scaffeine.ContactUs.csproj", "{15D8CCDC-AD7F-49FE-8817-E5047EC83239}"
EndProject
Project("{FAE04EC0-301F-11D3-BF4B-00C04F79EFBC}") = "Scaffeine.Register", "Scaffeine.Register\Scaffeine.Register.csproj", "{9DBDA61D-0111-4430-B661-0EF92C3BF708}"
EndProject
Project("{FAE04EC0-301F-11D3-BF4B-00C04F79EFBC}") = "Scaffeine.Logon", "Scaffeine.Logon\Scaffeine.Logon.csproj", "{FC41B3D4-B909-41B1-965C-D4469CE4AD0B}"
EndProject
Project("{FAE04EC0-301F-11D3-BF4B-00C04F79EFBC}") = "Scaffeine.Eventing", "Scaffeine.Eventing\Scaffeine.Eventing.csproj", "{D44BE83D-8491-4C8D-ACED-EC69049DBE46}"
EndProject
Project("{2150E333-8FDC-42A3-9474-1A3956D46DE8}") = "Low Priority", "Low Priority", "{0D849680-4158-4790-84B4-4E8381C1F3DE}"
EndProject
Project("{FAE04EC0-301F-11D3-BF4B-00C04F79EFBC}") = "Scaffeine.Shipwire", "Scaffeine.Shipwire\Scaffeine.Shipwire.csproj", "{33E0046C-5C30-47CB-8D4E-62286867C8B1}"
EndProject
Project("{FAE04EC0-301F-11D3-BF4B-00C04F79EFBC}") = "Scaffeine.Shipping.Shipwire", "Scaffeine.Shipping.Shipwire\Scaffeine.Shipping.Shipwire.csproj", "{0ADA6510-08AE-4A4F-B52D-BBF48FB8E217}"
EndProject
Project("{FAE04EC0-301F-11D3-BF4B-00C04F79EFBC}") = "Scaffeine.Ordering.Shipwire", "Scaffeine.Ordering.Shipwire\Scaffeine.Ordering.Shipwire.csproj", "{D69341D4-C85F-46FC-A411-BF80E9ABD0D5}"
EndProject
Project("{FAE04EC0-301F-11D3-BF4B-00C04F79EFBC}") = "Scaffeine.Shipping", "Scaffeine.Shipping\Scaffeine.Shipping.csproj", "{362EAC7C-CA04-4AC6-A1C0-560BCEC51B3E}"
EndProject
Project("{FAE04EC0-301F-11D3-BF4B-00C04F79EFBC}") = "Scaffeine.Ordering", "Scaffeine.Ordering\Scaffeine.Ordering.csproj", "{A2ADE471-847E-4F19-B575-A3CDABD53632}"
EndProject
Project("{FAE04EC0-301F-11D3-BF4B-00C04F79EFBC}") = "Scaffeine.Ordering.Manager", "Scaffeine.Ordering.Manager\Scaffeine.Ordering.Manager.csproj", "{85B63B8A-A3B1-44AC-A8C2-78E1F94C8F0A}"
EndProject
Global
	GlobalSection(SolutionConfigurationPlatforms) = preSolution
		Debug|Any CPU = Debug|Any CPU
		Release|Any CPU = Release|Any CPU
	EndGlobalSection
	GlobalSection(ProjectConfigurationPlatforms) = postSolution
		{4394DDA4-EEDB-4300-AD96-F297AC02B231}.Debug|Any CPU.ActiveCfg = Debug|Any CPU
		{4394DDA4-EEDB-4300-AD96-F297AC02B231}.Debug|Any CPU.Build.0 = Debug|Any CPU
		{4394DDA4-EEDB-4300-AD96-F297AC02B231}.Release|Any CPU.ActiveCfg = Release|Any CPU
		{4394DDA4-EEDB-4300-AD96-F297AC02B231}.Release|Any CPU.Build.0 = Release|Any CPU
		{F352B19A-8CA0-4DEB-9C3B-AA2AD0EC464D}.Debug|Any CPU.ActiveCfg = Debug|Any CPU
		{F352B19A-8CA0-4DEB-9C3B-AA2AD0EC464D}.Debug|Any CPU.Build.0 = Debug|Any CPU
		{F352B19A-8CA0-4DEB-9C3B-AA2AD0EC464D}.Release|Any CPU.ActiveCfg = Release|Any CPU
		{F352B19A-8CA0-4DEB-9C3B-AA2AD0EC464D}.Release|Any CPU.Build.0 = Release|Any CPU
		{FBA2EB3C-7186-4773-BC77-B645E4BB67CE}.Debug|Any CPU.ActiveCfg = Debug|Any CPU
		{FBA2EB3C-7186-4773-BC77-B645E4BB67CE}.Debug|Any CPU.Build.0 = Debug|Any CPU
		{FBA2EB3C-7186-4773-BC77-B645E4BB67CE}.Release|Any CPU.ActiveCfg = Release|Any CPU
		{FBA2EB3C-7186-4773-BC77-B645E4BB67CE}.Release|Any CPU.Build.0 = Release|Any CPU
		{85738D2E-F06B-4093-B501-8F747139CF7D}.Debug|Any CPU.ActiveCfg = Debug|Any CPU
		{85738D2E-F06B-4093-B501-8F747139CF7D}.Debug|Any CPU.Build.0 = Debug|Any CPU
		{85738D2E-F06B-4093-B501-8F747139CF7D}.Release|Any CPU.ActiveCfg = Release|Any CPU
		{85738D2E-F06B-4093-B501-8F747139CF7D}.Release|Any CPU.Build.0 = Release|Any CPU
		{D93B699A-69CA-4CD8-96B5-0FAB2BE65902}.Debug|Any CPU.ActiveCfg = Debug|Any CPU
		{D93B699A-69CA-4CD8-96B5-0FAB2BE65902}.Debug|Any CPU.Build.0 = Debug|Any CPU
		{D93B699A-69CA-4CD8-96B5-0FAB2BE65902}.Release|Any CPU.ActiveCfg = Release|Any CPU
		{D93B699A-69CA-4CD8-96B5-0FAB2BE65902}.Release|Any CPU.Build.0 = Release|Any CPU
		{78F933CC-D2FA-4FDF-B3E3-B1CF698A301A}.Debug|Any CPU.ActiveCfg = Debug|Any CPU
		{78F933CC-D2FA-4FDF-B3E3-B1CF698A301A}.Debug|Any CPU.Build.0 = Debug|Any CPU
		{78F933CC-D2FA-4FDF-B3E3-B1CF698A301A}.Release|Any CPU.ActiveCfg = Release|Any CPU
		{78F933CC-D2FA-4FDF-B3E3-B1CF698A301A}.Release|Any CPU.Build.0 = Release|Any CPU
		{6536600E-4A67-4DF9-98BE-2F42FE4DA299}.Debug|Any CPU.ActiveCfg = Debug|Any CPU
		{6536600E-4A67-4DF9-98BE-2F42FE4DA299}.Debug|Any CPU.Build.0 = Debug|Any CPU
		{6536600E-4A67-4DF9-98BE-2F42FE4DA299}.Release|Any CPU.ActiveCfg = Release|Any CPU
		{6536600E-4A67-4DF9-98BE-2F42FE4DA299}.Release|Any CPU.Build.0 = Release|Any CPU
		{5A4BEE7C-7D5D-4DEC-B18D-27A8D4F63503}.Debug|Any CPU.ActiveCfg = Debug|Any CPU
		{5A4BEE7C-7D5D-4DEC-B18D-27A8D4F63503}.Debug|Any CPU.Build.0 = Debug|Any CPU
		{5A4BEE7C-7D5D-4DEC-B18D-27A8D4F63503}.Release|Any CPU.ActiveCfg = Release|Any CPU
		{5A4BEE7C-7D5D-4DEC-B18D-27A8D4F63503}.Release|Any CPU.Build.0 = Release|Any CPU
		{84106D49-916E-4504-BA90-DEB7739343B9}.Debug|Any CPU.ActiveCfg = Debug|Any CPU
		{84106D49-916E-4504-BA90-DEB7739343B9}.Debug|Any CPU.Build.0 = Debug|Any CPU
		{84106D49-916E-4504-BA90-DEB7739343B9}.Release|Any CPU.ActiveCfg = Release|Any CPU
		{84106D49-916E-4504-BA90-DEB7739343B9}.Release|Any CPU.Build.0 = Release|Any CPU
		{7CABDA49-6F15-4340-A5CE-5DF2B8EB8D77}.Debug|Any CPU.ActiveCfg = Debug|Any CPU
		{7CABDA49-6F15-4340-A5CE-5DF2B8EB8D77}.Debug|Any CPU.Build.0 = Debug|Any CPU
		{7CABDA49-6F15-4340-A5CE-5DF2B8EB8D77}.Release|Any CPU.ActiveCfg = Release|Any CPU
		{7CABDA49-6F15-4340-A5CE-5DF2B8EB8D77}.Release|Any CPU.Build.0 = Release|Any CPU
		{84A1D870-20D6-4829-82B7-CB59896AA941}.Debug|Any CPU.ActiveCfg = Debug|Any CPU
		{84A1D870-20D6-4829-82B7-CB59896AA941}.Debug|Any CPU.Build.0 = Debug|Any CPU
		{84A1D870-20D6-4829-82B7-CB59896AA941}.Release|Any CPU.ActiveCfg = Release|Any CPU
		{84A1D870-20D6-4829-82B7-CB59896AA941}.Release|Any CPU.Build.0 = Release|Any CPU
		{57177125-3055-4B72-A471-6674D0D1AB0B}.Debug|Any CPU.ActiveCfg = Debug|Any CPU
		{57177125-3055-4B72-A471-6674D0D1AB0B}.Debug|Any CPU.Build.0 = Debug|Any CPU
		{57177125-3055-4B72-A471-6674D0D1AB0B}.Release|Any CPU.ActiveCfg = Release|Any CPU
		{57177125-3055-4B72-A471-6674D0D1AB0B}.Release|Any CPU.Build.0 = Release|Any CPU
		{1F72E522-0D4C-45C0-8003-0AAF30DB111F}.Debug|Any CPU.ActiveCfg = Debug|Any CPU
		{1F72E522-0D4C-45C0-8003-0AAF30DB111F}.Debug|Any CPU.Build.0 = Debug|Any CPU
		{1F72E522-0D4C-45C0-8003-0AAF30DB111F}.Release|Any CPU.ActiveCfg = Release|Any CPU
		{1F72E522-0D4C-45C0-8003-0AAF30DB111F}.Release|Any CPU.Build.0 = Release|Any CPU
		{B611ACE2-5B64-4C41-9AA3-9DCBAC8A2766}.Debug|Any CPU.ActiveCfg = Debug|Any CPU
		{B611ACE2-5B64-4C41-9AA3-9DCBAC8A2766}.Debug|Any CPU.Build.0 = Debug|Any CPU
		{B611ACE2-5B64-4C41-9AA3-9DCBAC8A2766}.Release|Any CPU.ActiveCfg = Release|Any CPU
		{B611ACE2-5B64-4C41-9AA3-9DCBAC8A2766}.Release|Any CPU.Build.0 = Release|Any CPU
		{DF99EBAF-9243-4D96-B094-3CBB9B842282}.Debug|Any CPU.ActiveCfg = Debug|Any CPU
		{DF99EBAF-9243-4D96-B094-3CBB9B842282}.Debug|Any CPU.Build.0 = Debug|Any CPU
		{DF99EBAF-9243-4D96-B094-3CBB9B842282}.Release|Any CPU.ActiveCfg = Release|Any CPU
		{DF99EBAF-9243-4D96-B094-3CBB9B842282}.Release|Any CPU.Build.0 = Release|Any CPU
		{FD0F01E9-D8AB-4FF2-93C1-990B4E5CB6C4}.Debug|Any CPU.ActiveCfg = Debug|Any CPU
		{FD0F01E9-D8AB-4FF2-93C1-990B4E5CB6C4}.Debug|Any CPU.Build.0 = Debug|Any CPU
		{FD0F01E9-D8AB-4FF2-93C1-990B4E5CB6C4}.Release|Any CPU.ActiveCfg = Release|Any CPU
		{FD0F01E9-D8AB-4FF2-93C1-990B4E5CB6C4}.Release|Any CPU.Build.0 = Release|Any CPU
		{7152FF50-1BA9-43C1-B931-1A8B4827B6A7}.Debug|Any CPU.ActiveCfg = Debug|Any CPU
		{7152FF50-1BA9-43C1-B931-1A8B4827B6A7}.Debug|Any CPU.Build.0 = Debug|Any CPU
		{7152FF50-1BA9-43C1-B931-1A8B4827B6A7}.Release|Any CPU.ActiveCfg = Release|Any CPU
		{7152FF50-1BA9-43C1-B931-1A8B4827B6A7}.Release|Any CPU.Build.0 = Release|Any CPU
		{2890F91B-F398-481B-AEB3-8B44F9C3A4FE}.Debug|Any CPU.ActiveCfg = Debug|Any CPU
		{2890F91B-F398-481B-AEB3-8B44F9C3A4FE}.Debug|Any CPU.Build.0 = Debug|Any CPU
		{2890F91B-F398-481B-AEB3-8B44F9C3A4FE}.Release|Any CPU.ActiveCfg = Release|Any CPU
		{2890F91B-F398-481B-AEB3-8B44F9C3A4FE}.Release|Any CPU.Build.0 = Release|Any CPU
		{75F23001-47E7-4DC9-9ADA-041A3EE0B056}.Debug|Any CPU.ActiveCfg = Debug|Any CPU
		{75F23001-47E7-4DC9-9ADA-041A3EE0B056}.Debug|Any CPU.Build.0 = Debug|Any CPU
		{75F23001-47E7-4DC9-9ADA-041A3EE0B056}.Release|Any CPU.ActiveCfg = Release|Any CPU
		{75F23001-47E7-4DC9-9ADA-041A3EE0B056}.Release|Any CPU.Build.0 = Release|Any CPU
		{AAF63586-59D3-4CAF-A8D5-837DC7212897}.Debug|Any CPU.ActiveCfg = Debug|Any CPU
		{AAF63586-59D3-4CAF-A8D5-837DC7212897}.Debug|Any CPU.Build.0 = Debug|Any CPU
		{AAF63586-59D3-4CAF-A8D5-837DC7212897}.Release|Any CPU.ActiveCfg = Release|Any CPU
		{AAF63586-59D3-4CAF-A8D5-837DC7212897}.Release|Any CPU.Build.0 = Release|Any CPU
		{E8DBE8E7-EF2C-4F45-BE62-EA5F9D636183}.Debug|Any CPU.ActiveCfg = Debug|Any CPU
		{E8DBE8E7-EF2C-4F45-BE62-EA5F9D636183}.Debug|Any CPU.Build.0 = Debug|Any CPU
		{E8DBE8E7-EF2C-4F45-BE62-EA5F9D636183}.Release|Any CPU.ActiveCfg = Release|Any CPU
		{E8DBE8E7-EF2C-4F45-BE62-EA5F9D636183}.Release|Any CPU.Build.0 = Release|Any CPU
		{9ED46429-6070-4D31-B74F-4A1AD65096DD}.Debug|Any CPU.ActiveCfg = Debug|Any CPU
		{9ED46429-6070-4D31-B74F-4A1AD65096DD}.Debug|Any CPU.Build.0 = Debug|Any CPU
		{9ED46429-6070-4D31-B74F-4A1AD65096DD}.Release|Any CPU.ActiveCfg = Release|Any CPU
		{9ED46429-6070-4D31-B74F-4A1AD65096DD}.Release|Any CPU.Build.0 = Release|Any CPU
		{E7E99320-41EB-48D6-93CB-FA01352E9E5C}.Debug|Any CPU.ActiveCfg = Debug|Any CPU
		{E7E99320-41EB-48D6-93CB-FA01352E9E5C}.Debug|Any CPU.Build.0 = Debug|Any CPU
		{E7E99320-41EB-48D6-93CB-FA01352E9E5C}.Release|Any CPU.ActiveCfg = Release|Any CPU
		{E7E99320-41EB-48D6-93CB-FA01352E9E5C}.Release|Any CPU.Build.0 = Release|Any CPU
		{73FBF48E-FC7C-43E9-95B9-AD89289C486C}.Debug|Any CPU.ActiveCfg = Debug|Any CPU
		{73FBF48E-FC7C-43E9-95B9-AD89289C486C}.Debug|Any CPU.Build.0 = Debug|Any CPU
		{73FBF48E-FC7C-43E9-95B9-AD89289C486C}.Release|Any CPU.ActiveCfg = Release|Any CPU
		{73FBF48E-FC7C-43E9-95B9-AD89289C486C}.Release|Any CPU.Build.0 = Release|Any CPU
		{7384F9E1-87D6-42BB-9490-FF6C69FB9B87}.Debug|Any CPU.ActiveCfg = Debug|Any CPU
		{7384F9E1-87D6-42BB-9490-FF6C69FB9B87}.Debug|Any CPU.Build.0 = Debug|Any CPU
		{7384F9E1-87D6-42BB-9490-FF6C69FB9B87}.Release|Any CPU.ActiveCfg = Release|Any CPU
		{7384F9E1-87D6-42BB-9490-FF6C69FB9B87}.Release|Any CPU.Build.0 = Release|Any CPU
		{1C74B31D-BB35-4CC1-8828-6E02ED9B7924}.Debug|Any CPU.ActiveCfg = Debug|Any CPU
		{1C74B31D-BB35-4CC1-8828-6E02ED9B7924}.Debug|Any CPU.Build.0 = Debug|Any CPU
		{1C74B31D-BB35-4CC1-8828-6E02ED9B7924}.Release|Any CPU.ActiveCfg = Release|Any CPU
		{1C74B31D-BB35-4CC1-8828-6E02ED9B7924}.Release|Any CPU.Build.0 = Release|Any CPU
		{1EC6EA37-BB5D-4379-83CE-A599773AEC8B}.Debug|Any CPU.ActiveCfg = Debug|Any CPU
		{1EC6EA37-BB5D-4379-83CE-A599773AEC8B}.Debug|Any CPU.Build.0 = Debug|Any CPU
		{1EC6EA37-BB5D-4379-83CE-A599773AEC8B}.Release|Any CPU.ActiveCfg = Release|Any CPU
		{1EC6EA37-BB5D-4379-83CE-A599773AEC8B}.Release|Any CPU.Build.0 = Release|Any CPU
		{E6D2A574-0B69-401E-9D51-62A7AB7D34C4}.Debug|Any CPU.ActiveCfg = Debug|Any CPU
		{E6D2A574-0B69-401E-9D51-62A7AB7D34C4}.Debug|Any CPU.Build.0 = Debug|Any CPU
		{E6D2A574-0B69-401E-9D51-62A7AB7D34C4}.Release|Any CPU.ActiveCfg = Release|Any CPU
		{E6D2A574-0B69-401E-9D51-62A7AB7D34C4}.Release|Any CPU.Build.0 = Release|Any CPU
		{3E591F47-88CB-4628-9984-F6612E98CC36}.Debug|Any CPU.ActiveCfg = Debug|Any CPU
		{3E591F47-88CB-4628-9984-F6612E98CC36}.Debug|Any CPU.Build.0 = Debug|Any CPU
		{3E591F47-88CB-4628-9984-F6612E98CC36}.Release|Any CPU.ActiveCfg = Release|Any CPU
		{3E591F47-88CB-4628-9984-F6612E98CC36}.Release|Any CPU.Build.0 = Release|Any CPU
		{CFC9B481-B0C1-4D9B-98E1-8FE9C2E536FC}.Debug|Any CPU.ActiveCfg = Debug|Any CPU
		{CFC9B481-B0C1-4D9B-98E1-8FE9C2E536FC}.Debug|Any CPU.Build.0 = Debug|Any CPU
		{CFC9B481-B0C1-4D9B-98E1-8FE9C2E536FC}.Release|Any CPU.ActiveCfg = Release|Any CPU
		{CFC9B481-B0C1-4D9B-98E1-8FE9C2E536FC}.Release|Any CPU.Build.0 = Release|Any CPU
		{7B29AE25-6175-4456-9483-3EB41272D955}.Debug|Any CPU.ActiveCfg = Debug|Any CPU
		{7B29AE25-6175-4456-9483-3EB41272D955}.Debug|Any CPU.Build.0 = Debug|Any CPU
		{7B29AE25-6175-4456-9483-3EB41272D955}.Release|Any CPU.ActiveCfg = Release|Any CPU
		{7B29AE25-6175-4456-9483-3EB41272D955}.Release|Any CPU.Build.0 = Release|Any CPU
		{E7FBBE41-3CC2-4EFE-9ECA-5795DA866204}.Debug|Any CPU.ActiveCfg = Debug|Any CPU
		{E7FBBE41-3CC2-4EFE-9ECA-5795DA866204}.Debug|Any CPU.Build.0 = Debug|Any CPU
		{E7FBBE41-3CC2-4EFE-9ECA-5795DA866204}.Release|Any CPU.ActiveCfg = Release|Any CPU
		{E7FBBE41-3CC2-4EFE-9ECA-5795DA866204}.Release|Any CPU.Build.0 = Release|Any CPU
		{01436ABD-1535-4BD9-93AA-40D339ED8DA4}.Debug|Any CPU.ActiveCfg = Debug|Any CPU
		{01436ABD-1535-4BD9-93AA-40D339ED8DA4}.Debug|Any CPU.Build.0 = Debug|Any CPU
		{01436ABD-1535-4BD9-93AA-40D339ED8DA4}.Release|Any CPU.ActiveCfg = Release|Any CPU
		{01436ABD-1535-4BD9-93AA-40D339ED8DA4}.Release|Any CPU.Build.0 = Release|Any CPU
		{6FB2A00B-C8E2-44A7-B1D4-411CE6628360}.Debug|Any CPU.ActiveCfg = Debug|Any CPU
		{6FB2A00B-C8E2-44A7-B1D4-411CE6628360}.Debug|Any CPU.Build.0 = Debug|Any CPU
		{6FB2A00B-C8E2-44A7-B1D4-411CE6628360}.Release|Any CPU.ActiveCfg = Release|Any CPU
		{6FB2A00B-C8E2-44A7-B1D4-411CE6628360}.Release|Any CPU.Build.0 = Release|Any CPU
		{0FC1127A-9574-4720-9DD0-85107AAA6436}.Debug|Any CPU.ActiveCfg = Debug|Any CPU
		{0FC1127A-9574-4720-9DD0-85107AAA6436}.Debug|Any CPU.Build.0 = Debug|Any CPU
		{0FC1127A-9574-4720-9DD0-85107AAA6436}.Release|Any CPU.ActiveCfg = Release|Any CPU
		{0FC1127A-9574-4720-9DD0-85107AAA6436}.Release|Any CPU.Build.0 = Release|Any CPU
		{E374AF86-D4EC-49C7-B25F-D2922BC2D9BC}.Debug|Any CPU.ActiveCfg = Debug|Any CPU
		{E374AF86-D4EC-49C7-B25F-D2922BC2D9BC}.Debug|Any CPU.Build.0 = Debug|Any CPU
		{E374AF86-D4EC-49C7-B25F-D2922BC2D9BC}.Release|Any CPU.ActiveCfg = Release|Any CPU
		{E374AF86-D4EC-49C7-B25F-D2922BC2D9BC}.Release|Any CPU.Build.0 = Release|Any CPU
		{266C2876-F2F2-4E98-9867-A048186D035B}.Debug|Any CPU.ActiveCfg = Debug|Any CPU
		{266C2876-F2F2-4E98-9867-A048186D035B}.Debug|Any CPU.Build.0 = Debug|Any CPU
		{266C2876-F2F2-4E98-9867-A048186D035B}.Release|Any CPU.ActiveCfg = Release|Any CPU
		{266C2876-F2F2-4E98-9867-A048186D035B}.Release|Any CPU.Build.0 = Release|Any CPU
		{6DC6DE53-3014-4C19-8BEA-BD50AF88F203}.Debug|Any CPU.ActiveCfg = Debug|Any CPU
		{6DC6DE53-3014-4C19-8BEA-BD50AF88F203}.Debug|Any CPU.Build.0 = Debug|Any CPU
		{6DC6DE53-3014-4C19-8BEA-BD50AF88F203}.Release|Any CPU.ActiveCfg = Release|Any CPU
		{6DC6DE53-3014-4C19-8BEA-BD50AF88F203}.Release|Any CPU.Build.0 = Release|Any CPU
		{7FB33B91-6B94-4515-9708-B3D671B223B4}.Debug|Any CPU.ActiveCfg = Debug|Any CPU
		{7FB33B91-6B94-4515-9708-B3D671B223B4}.Debug|Any CPU.Build.0 = Debug|Any CPU
		{7FB33B91-6B94-4515-9708-B3D671B223B4}.Release|Any CPU.ActiveCfg = Release|Any CPU
		{7FB33B91-6B94-4515-9708-B3D671B223B4}.Release|Any CPU.Build.0 = Release|Any CPU
		{62C7F0DA-BAFE-4078-838A-AC10E4D70EC0}.Debug|Any CPU.ActiveCfg = Debug|Any CPU
		{62C7F0DA-BAFE-4078-838A-AC10E4D70EC0}.Debug|Any CPU.Build.0 = Debug|Any CPU
		{62C7F0DA-BAFE-4078-838A-AC10E4D70EC0}.Release|Any CPU.ActiveCfg = Release|Any CPU
		{62C7F0DA-BAFE-4078-838A-AC10E4D70EC0}.Release|Any CPU.Build.0 = Release|Any CPU
		{46E08871-E2BA-4F3F-B911-FEA734A55F4E}.Debug|Any CPU.ActiveCfg = Debug|Any CPU
		{46E08871-E2BA-4F3F-B911-FEA734A55F4E}.Debug|Any CPU.Build.0 = Debug|Any CPU
		{46E08871-E2BA-4F3F-B911-FEA734A55F4E}.Release|Any CPU.ActiveCfg = Release|Any CPU
		{46E08871-E2BA-4F3F-B911-FEA734A55F4E}.Release|Any CPU.Build.0 = Release|Any CPU
		{F95B9652-D6F0-4FC3-AD71-99D5A8A91283}.Debug|Any CPU.ActiveCfg = Debug|Any CPU
		{F95B9652-D6F0-4FC3-AD71-99D5A8A91283}.Debug|Any CPU.Build.0 = Debug|Any CPU
		{F95B9652-D6F0-4FC3-AD71-99D5A8A91283}.Release|Any CPU.ActiveCfg = Release|Any CPU
		{F95B9652-D6F0-4FC3-AD71-99D5A8A91283}.Release|Any CPU.Build.0 = Release|Any CPU
		{80AF7C7D-03C1-4FD1-9959-3E0DEB9DF1FF}.Debug|Any CPU.ActiveCfg = Debug|Any CPU
		{80AF7C7D-03C1-4FD1-9959-3E0DEB9DF1FF}.Debug|Any CPU.Build.0 = Debug|Any CPU
		{80AF7C7D-03C1-4FD1-9959-3E0DEB9DF1FF}.Release|Any CPU.ActiveCfg = Release|Any CPU
		{80AF7C7D-03C1-4FD1-9959-3E0DEB9DF1FF}.Release|Any CPU.Build.0 = Release|Any CPU
		{F0620436-B530-4D04-AF5F-D82632FB4254}.Debug|Any CPU.ActiveCfg = Debug|Any CPU
		{F0620436-B530-4D04-AF5F-D82632FB4254}.Debug|Any CPU.Build.0 = Debug|Any CPU
		{F0620436-B530-4D04-AF5F-D82632FB4254}.Release|Any CPU.ActiveCfg = Release|Any CPU
		{F0620436-B530-4D04-AF5F-D82632FB4254}.Release|Any CPU.Build.0 = Release|Any CPU
		{EEE80137-386D-4851-9DF3-3BDB32941ACB}.Debug|Any CPU.ActiveCfg = Debug|Any CPU
		{EEE80137-386D-4851-9DF3-3BDB32941ACB}.Debug|Any CPU.Build.0 = Debug|Any CPU
		{EEE80137-386D-4851-9DF3-3BDB32941ACB}.Release|Any CPU.ActiveCfg = Release|Any CPU
		{EEE80137-386D-4851-9DF3-3BDB32941ACB}.Release|Any CPU.Build.0 = Release|Any CPU
		{26D274BB-FBD0-4D7C-BF31-231AFC2C2395}.Debug|Any CPU.ActiveCfg = Debug|Any CPU
		{26D274BB-FBD0-4D7C-BF31-231AFC2C2395}.Debug|Any CPU.Build.0 = Debug|Any CPU
		{26D274BB-FBD0-4D7C-BF31-231AFC2C2395}.Release|Any CPU.ActiveCfg = Release|Any CPU
		{26D274BB-FBD0-4D7C-BF31-231AFC2C2395}.Release|Any CPU.Build.0 = Release|Any CPU
		{AF87B195-D563-4FF3-8DE7-380732C82738}.Debug|Any CPU.ActiveCfg = Debug|Any CPU
		{AF87B195-D563-4FF3-8DE7-380732C82738}.Debug|Any CPU.Build.0 = Debug|Any CPU
		{AF87B195-D563-4FF3-8DE7-380732C82738}.Release|Any CPU.ActiveCfg = Release|Any CPU
		{AF87B195-D563-4FF3-8DE7-380732C82738}.Release|Any CPU.Build.0 = Release|Any CPU
		{7B62589E-6A22-46D1-8200-D58A10B68C23}.Debug|Any CPU.ActiveCfg = Debug|Any CPU
		{7B62589E-6A22-46D1-8200-D58A10B68C23}.Debug|Any CPU.Build.0 = Debug|Any CPU
		{7B62589E-6A22-46D1-8200-D58A10B68C23}.Release|Any CPU.ActiveCfg = Release|Any CPU
		{7B62589E-6A22-46D1-8200-D58A10B68C23}.Release|Any CPU.Build.0 = Release|Any CPU
		{C188453B-DE47-4A02-A66A-BD41358D4C07}.Debug|Any CPU.ActiveCfg = Debug|Any CPU
		{C188453B-DE47-4A02-A66A-BD41358D4C07}.Debug|Any CPU.Build.0 = Debug|Any CPU
		{C188453B-DE47-4A02-A66A-BD41358D4C07}.Release|Any CPU.ActiveCfg = Release|Any CPU
		{C188453B-DE47-4A02-A66A-BD41358D4C07}.Release|Any CPU.Build.0 = Release|Any CPU
		{A5CDC72A-860B-4611-B32F-FE03828AF13D}.Debug|Any CPU.ActiveCfg = Debug|Any CPU
		{A5CDC72A-860B-4611-B32F-FE03828AF13D}.Debug|Any CPU.Build.0 = Debug|Any CPU
		{A5CDC72A-860B-4611-B32F-FE03828AF13D}.Release|Any CPU.ActiveCfg = Release|Any CPU
		{A5CDC72A-860B-4611-B32F-FE03828AF13D}.Release|Any CPU.Build.0 = Release|Any CPU
		{088270F0-6A38-4FC4-8E62-7CF5814B4E3A}.Debug|Any CPU.ActiveCfg = Debug|Any CPU
		{088270F0-6A38-4FC4-8E62-7CF5814B4E3A}.Debug|Any CPU.Build.0 = Debug|Any CPU
		{088270F0-6A38-4FC4-8E62-7CF5814B4E3A}.Release|Any CPU.ActiveCfg = Release|Any CPU
		{088270F0-6A38-4FC4-8E62-7CF5814B4E3A}.Release|Any CPU.Build.0 = Release|Any CPU
		{1E8B2BBD-5E7D-49A8-B48A-78F09CBD05C1}.Debug|Any CPU.ActiveCfg = Debug|Any CPU
		{1E8B2BBD-5E7D-49A8-B48A-78F09CBD05C1}.Debug|Any CPU.Build.0 = Debug|Any CPU
		{1E8B2BBD-5E7D-49A8-B48A-78F09CBD05C1}.Release|Any CPU.ActiveCfg = Release|Any CPU
		{1E8B2BBD-5E7D-49A8-B48A-78F09CBD05C1}.Release|Any CPU.Build.0 = Release|Any CPU
		{15D8CCDC-AD7F-49FE-8817-E5047EC83239}.Debug|Any CPU.ActiveCfg = Debug|Any CPU
		{15D8CCDC-AD7F-49FE-8817-E5047EC83239}.Debug|Any CPU.Build.0 = Debug|Any CPU
		{15D8CCDC-AD7F-49FE-8817-E5047EC83239}.Release|Any CPU.ActiveCfg = Release|Any CPU
		{15D8CCDC-AD7F-49FE-8817-E5047EC83239}.Release|Any CPU.Build.0 = Release|Any CPU
		{9DBDA61D-0111-4430-B661-0EF92C3BF708}.Debug|Any CPU.ActiveCfg = Debug|Any CPU
		{9DBDA61D-0111-4430-B661-0EF92C3BF708}.Debug|Any CPU.Build.0 = Debug|Any CPU
		{9DBDA61D-0111-4430-B661-0EF92C3BF708}.Release|Any CPU.ActiveCfg = Release|Any CPU
		{9DBDA61D-0111-4430-B661-0EF92C3BF708}.Release|Any CPU.Build.0 = Release|Any CPU
		{FC41B3D4-B909-41B1-965C-D4469CE4AD0B}.Debug|Any CPU.ActiveCfg = Debug|Any CPU
		{FC41B3D4-B909-41B1-965C-D4469CE4AD0B}.Debug|Any CPU.Build.0 = Debug|Any CPU
		{FC41B3D4-B909-41B1-965C-D4469CE4AD0B}.Release|Any CPU.ActiveCfg = Release|Any CPU
		{FC41B3D4-B909-41B1-965C-D4469CE4AD0B}.Release|Any CPU.Build.0 = Release|Any CPU
		{D44BE83D-8491-4C8D-ACED-EC69049DBE46}.Debug|Any CPU.ActiveCfg = Debug|Any CPU
		{D44BE83D-8491-4C8D-ACED-EC69049DBE46}.Debug|Any CPU.Build.0 = Debug|Any CPU
		{D44BE83D-8491-4C8D-ACED-EC69049DBE46}.Release|Any CPU.ActiveCfg = Release|Any CPU
		{D44BE83D-8491-4C8D-ACED-EC69049DBE46}.Release|Any CPU.Build.0 = Release|Any CPU
		{33E0046C-5C30-47CB-8D4E-62286867C8B1}.Debug|Any CPU.ActiveCfg = Debug|Any CPU
		{33E0046C-5C30-47CB-8D4E-62286867C8B1}.Debug|Any CPU.Build.0 = Debug|Any CPU
		{33E0046C-5C30-47CB-8D4E-62286867C8B1}.Release|Any CPU.ActiveCfg = Release|Any CPU
		{33E0046C-5C30-47CB-8D4E-62286867C8B1}.Release|Any CPU.Build.0 = Release|Any CPU
		{0ADA6510-08AE-4A4F-B52D-BBF48FB8E217}.Debug|Any CPU.ActiveCfg = Debug|Any CPU
		{0ADA6510-08AE-4A4F-B52D-BBF48FB8E217}.Debug|Any CPU.Build.0 = Debug|Any CPU
		{0ADA6510-08AE-4A4F-B52D-BBF48FB8E217}.Release|Any CPU.ActiveCfg = Release|Any CPU
		{0ADA6510-08AE-4A4F-B52D-BBF48FB8E217}.Release|Any CPU.Build.0 = Release|Any CPU
		{D69341D4-C85F-46FC-A411-BF80E9ABD0D5}.Debug|Any CPU.ActiveCfg = Debug|Any CPU
		{D69341D4-C85F-46FC-A411-BF80E9ABD0D5}.Debug|Any CPU.Build.0 = Debug|Any CPU
		{D69341D4-C85F-46FC-A411-BF80E9ABD0D5}.Release|Any CPU.ActiveCfg = Release|Any CPU
		{D69341D4-C85F-46FC-A411-BF80E9ABD0D5}.Release|Any CPU.Build.0 = Release|Any CPU
		{362EAC7C-CA04-4AC6-A1C0-560BCEC51B3E}.Debug|Any CPU.ActiveCfg = Debug|Any CPU
		{362EAC7C-CA04-4AC6-A1C0-560BCEC51B3E}.Debug|Any CPU.Build.0 = Debug|Any CPU
		{362EAC7C-CA04-4AC6-A1C0-560BCEC51B3E}.Release|Any CPU.ActiveCfg = Release|Any CPU
		{362EAC7C-CA04-4AC6-A1C0-560BCEC51B3E}.Release|Any CPU.Build.0 = Release|Any CPU
		{A2ADE471-847E-4F19-B575-A3CDABD53632}.Debug|Any CPU.ActiveCfg = Debug|Any CPU
		{A2ADE471-847E-4F19-B575-A3CDABD53632}.Debug|Any CPU.Build.0 = Debug|Any CPU
		{A2ADE471-847E-4F19-B575-A3CDABD53632}.Release|Any CPU.ActiveCfg = Release|Any CPU
		{A2ADE471-847E-4F19-B575-A3CDABD53632}.Release|Any CPU.Build.0 = Release|Any CPU
		{85B63B8A-A3B1-44AC-A8C2-78E1F94C8F0A}.Debug|Any CPU.ActiveCfg = Debug|Any CPU
		{85B63B8A-A3B1-44AC-A8C2-78E1F94C8F0A}.Debug|Any CPU.Build.0 = Debug|Any CPU
		{85B63B8A-A3B1-44AC-A8C2-78E1F94C8F0A}.Release|Any CPU.ActiveCfg = Release|Any CPU
		{85B63B8A-A3B1-44AC-A8C2-78E1F94C8F0A}.Release|Any CPU.Build.0 = Release|Any CPU
	EndGlobalSection
	GlobalSection(SolutionProperties) = preSolution
		HideSolutionNode = FALSE
	EndGlobalSection
	GlobalSection(NestedProjects) = preSolution
		{FBA2EB3C-7186-4773-BC77-B645E4BB67CE} = {9DD5D7B0-9749-4685-A28C-D8E68440C834}
		{85738D2E-F06B-4093-B501-8F747139CF7D} = {9DD5D7B0-9749-4685-A28C-D8E68440C834}
		{84106D49-916E-4504-BA90-DEB7739343B9} = {9DD5D7B0-9749-4685-A28C-D8E68440C834}
		{7CABDA49-6F15-4340-A5CE-5DF2B8EB8D77} = {9DD5D7B0-9749-4685-A28C-D8E68440C834}
		{84A1D870-20D6-4829-82B7-CB59896AA941} = {9DD5D7B0-9749-4685-A28C-D8E68440C834}
		{57177125-3055-4B72-A471-6674D0D1AB0B} = {9DD5D7B0-9749-4685-A28C-D8E68440C834}
		{1F72E522-0D4C-45C0-8003-0AAF30DB111F} = {9DD5D7B0-9749-4685-A28C-D8E68440C834}
		{B611ACE2-5B64-4C41-9AA3-9DCBAC8A2766} = {9DD5D7B0-9749-4685-A28C-D8E68440C834}
		{DF99EBAF-9243-4D96-B094-3CBB9B842282} = {9DD5D7B0-9749-4685-A28C-D8E68440C834}
		{FD0F01E9-D8AB-4FF2-93C1-990B4E5CB6C4} = {9DD5D7B0-9749-4685-A28C-D8E68440C834}
		{7152FF50-1BA9-43C1-B931-1A8B4827B6A7} = {9DD5D7B0-9749-4685-A28C-D8E68440C834}
		{2890F91B-F398-481B-AEB3-8B44F9C3A4FE} = {9DD5D7B0-9749-4685-A28C-D8E68440C834}
		{75F23001-47E7-4DC9-9ADA-041A3EE0B056} = {9DD5D7B0-9749-4685-A28C-D8E68440C834}
		{AAF63586-59D3-4CAF-A8D5-837DC7212897} = {9DD5D7B0-9749-4685-A28C-D8E68440C834}
		{9ED46429-6070-4D31-B74F-4A1AD65096DD} = {9DD5D7B0-9749-4685-A28C-D8E68440C834}
		{E7E99320-41EB-48D6-93CB-FA01352E9E5C} = {9DD5D7B0-9749-4685-A28C-D8E68440C834}
		{73FBF48E-FC7C-43E9-95B9-AD89289C486C} = {9DD5D7B0-9749-4685-A28C-D8E68440C834}
		{1EC6EA37-BB5D-4379-83CE-A599773AEC8B} = {9DD5D7B0-9749-4685-A28C-D8E68440C834}
		{E6D2A574-0B69-401E-9D51-62A7AB7D34C4} = {9DD5D7B0-9749-4685-A28C-D8E68440C834}
		{3E591F47-88CB-4628-9984-F6612E98CC36} = {9DD5D7B0-9749-4685-A28C-D8E68440C834}
		{E7FBBE41-3CC2-4EFE-9ECA-5795DA866204} = {9DD5D7B0-9749-4685-A28C-D8E68440C834}
		{6FB2A00B-C8E2-44A7-B1D4-411CE6628360} = {9DD5D7B0-9749-4685-A28C-D8E68440C834}
		{E374AF86-D4EC-49C7-B25F-D2922BC2D9BC} = {9DD5D7B0-9749-4685-A28C-D8E68440C834}
		{AF87B195-D563-4FF3-8DE7-380732C82738} = {9DD5D7B0-9749-4685-A28C-D8E68440C834}
		{7B62589E-6A22-46D1-8200-D58A10B68C23} = {9DD5D7B0-9749-4685-A28C-D8E68440C834}
		{C188453B-DE47-4A02-A66A-BD41358D4C07} = {9DD5D7B0-9749-4685-A28C-D8E68440C834}
		{A5CDC72A-860B-4611-B32F-FE03828AF13D} = {9DD5D7B0-9749-4685-A28C-D8E68440C834}
		{4394DDA4-EEDB-4300-AD96-F297AC02B231} = {9DD5D7B0-9749-4685-A28C-D8E68440C834}
		{088270F0-6A38-4FC4-8E62-7CF5814B4E3A} = {9DD5D7B0-9749-4685-A28C-D8E68440C834}
		{1E8B2BBD-5E7D-49A8-B48A-78F09CBD05C1} = {9DD5D7B0-9749-4685-A28C-D8E68440C834}
		{15D8CCDC-AD7F-49FE-8817-E5047EC83239} = {9DD5D7B0-9749-4685-A28C-D8E68440C834}
		{9DBDA61D-0111-4430-B661-0EF92C3BF708} = {9DD5D7B0-9749-4685-A28C-D8E68440C834}
		{FC41B3D4-B909-41B1-965C-D4469CE4AD0B} = {9DD5D7B0-9749-4685-A28C-D8E68440C834}
		{D44BE83D-8491-4C8D-ACED-EC69049DBE46} = {9DD5D7B0-9749-4685-A28C-D8E68440C834}
		{33E0046C-5C30-47CB-8D4E-62286867C8B1} = {9DD5D7B0-9749-4685-A28C-D8E68440C834}
		{0ADA6510-08AE-4A4F-B52D-BBF48FB8E217} = {9DD5D7B0-9749-4685-A28C-D8E68440C834}
		{D69341D4-C85F-46FC-A411-BF80E9ABD0D5} = {9DD5D7B0-9749-4685-A28C-D8E68440C834}
		{362EAC7C-CA04-4AC6-A1C0-560BCEC51B3E} = {9DD5D7B0-9749-4685-A28C-D8E68440C834}
		{A2ADE471-847E-4F19-B575-A3CDABD53632} = {9DD5D7B0-9749-4685-A28C-D8E68440C834}
		{85B63B8A-A3B1-44AC-A8C2-78E1F94C8F0A} = {9DD5D7B0-9749-4685-A28C-D8E68440C834}
		{D93B699A-69CA-4CD8-96B5-0FAB2BE65902} = {0D849680-4158-4790-84B4-4E8381C1F3DE}
		{78F933CC-D2FA-4FDF-B3E3-B1CF698A301A} = {0D849680-4158-4790-84B4-4E8381C1F3DE}
		{6536600E-4A67-4DF9-98BE-2F42FE4DA299} = {0D849680-4158-4790-84B4-4E8381C1F3DE}
		{5A4BEE7C-7D5D-4DEC-B18D-27A8D4F63503} = {0D849680-4158-4790-84B4-4E8381C1F3DE}
		{E8DBE8E7-EF2C-4F45-BE62-EA5F9D636183} = {0D849680-4158-4790-84B4-4E8381C1F3DE}
		{7384F9E1-87D6-42BB-9490-FF6C69FB9B87} = {0D849680-4158-4790-84B4-4E8381C1F3DE}
		{1C74B31D-BB35-4CC1-8828-6E02ED9B7924} = {0D849680-4158-4790-84B4-4E8381C1F3DE}
		{CFC9B481-B0C1-4D9B-98E1-8FE9C2E536FC} = {0D849680-4158-4790-84B4-4E8381C1F3DE}
		{7B29AE25-6175-4456-9483-3EB41272D955} = {0D849680-4158-4790-84B4-4E8381C1F3DE}
		{01436ABD-1535-4BD9-93AA-40D339ED8DA4} = {0D849680-4158-4790-84B4-4E8381C1F3DE}
		{0FC1127A-9574-4720-9DD0-85107AAA6436} = {0D849680-4158-4790-84B4-4E8381C1F3DE}
		{266C2876-F2F2-4E98-9867-A048186D035B} = {0D849680-4158-4790-84B4-4E8381C1F3DE}
		{6DC6DE53-3014-4C19-8BEA-BD50AF88F203} = {0D849680-4158-4790-84B4-4E8381C1F3DE}
		{7FB33B91-6B94-4515-9708-B3D671B223B4} = {0D849680-4158-4790-84B4-4E8381C1F3DE}
		{62C7F0DA-BAFE-4078-838A-AC10E4D70EC0} = {0D849680-4158-4790-84B4-4E8381C1F3DE}
		{46E08871-E2BA-4F3F-B911-FEA734A55F4E} = {0D849680-4158-4790-84B4-4E8381C1F3DE}
		{F95B9652-D6F0-4FC3-AD71-99D5A8A91283} = {0D849680-4158-4790-84B4-4E8381C1F3DE}
		{80AF7C7D-03C1-4FD1-9959-3E0DEB9DF1FF} = {0D849680-4158-4790-84B4-4E8381C1F3DE}
		{F0620436-B530-4D04-AF5F-D82632FB4254} = {0D849680-4158-4790-84B4-4E8381C1F3DE}
		{EEE80137-386D-4851-9DF3-3BDB32941ACB} = {0D849680-4158-4790-84B4-4E8381C1F3DE}
		{26D274BB-FBD0-4D7C-BF31-231AFC2C2395} = {0D849680-4158-4790-84B4-4E8381C1F3DE}
		{F352B19A-8CA0-4DEB-9C3B-AA2AD0EC464D} = {0D849680-4158-4790-84B4-4E8381C1F3DE}
	EndGlobalSection
EndGlobal
